// !$*UTF8*$!
{
	archiveVersion = 1;
	classes = {
	};
	objectVersion = 46;
	objects = {

/* Begin PBXBuildFile section */
		DE0C0D9B17ABA88A0066C636 /* YellowSample3.png in Resources */ = {isa = PBXBuildFile; fileRef = DE0C0D9917ABA88A0066C636 /* YellowSample3.png */; };
		DE0C0D9D17ABA8AB0066C636 /* YellowSample3.png in Resources */ = {isa = PBXBuildFile; fileRef = DE0C0D9C17ABA8AB0066C636 /* YellowSample3.png */; };
		DE41A55117B1011C0046C73E /* A.png in Resources */ = {isa = PBXBuildFile; fileRef = DE41A55017B1011C0046C73E /* A.png */; };
		DE41A55517B105A60046C73E /* embrace_the_chaos.sqlite3 in Resources */ = {isa = PBXBuildFile; fileRef = DE41A55417B105A60046C73E /* embrace_the_chaos.sqlite3 */; };
		DE4A8C5F17AD612500C06D21 /* WebserviceCall.m in Sources */ = {isa = PBXBuildFile; fileRef = DE4A8C5E17AD612500C06D21 /* WebserviceCall.m */; };
		DE4A8C6217AD69CB00C06D21 /* NewQuoteVals.m in Sources */ = {isa = PBXBuildFile; fileRef = DE4A8C6117AD69CB00C06D21 /* NewQuoteVals.m */; };
		DE68091717B6AC0500687DDA /* Daily@2x.png in Resources */ = {isa = PBXBuildFile; fileRef = DE68091517B6AC0500687DDA /* Daily@2x.png */; };
		DE68091817B6AC0500687DDA /* Daily.png in Resources */ = {isa = PBXBuildFile; fileRef = DE68091617B6AC0500687DDA /* Daily.png */; };
		DE68091B17B6AE1C00687DDA /* Favorite.png in Resources */ = {isa = PBXBuildFile; fileRef = DE68091917B6AE1C00687DDA /* Favorite.png */; };
		DE68091C17B6AE1C00687DDA /* Favorite@2x.png in Resources */ = {isa = PBXBuildFile; fileRef = DE68091A17B6AE1C00687DDA /* Favorite@2x.png */; };
		DE68091F17B6B4BA00687DDA /* Index@2x.png in Resources */ = {isa = PBXBuildFile; fileRef = DE68091D17B6B4BA00687DDA /* Index@2x.png */; };
		DE68092017B6B4BA00687DDA /* index.png in Resources */ = {isa = PBXBuildFile; fileRef = DE68091E17B6B4BA00687DDA /* index.png */; };
		DE68092717B6B7ED00687DDA /* info@2x.png in Resources */ = {isa = PBXBuildFile; fileRef = DE68092517B6B7ED00687DDA /* info@2x.png */; };
		DE68092817B6B7ED00687DDA /* info.png in Resources */ = {isa = PBXBuildFile; fileRef = DE68092617B6B7ED00687DDA /* info.png */; };
		DE68094217B6DFC400687DDA /* background4_320X568.png in Resources */ = {isa = PBXBuildFile; fileRef = DE68092A17B6DFC400687DDA /* background4_320X568.png */; };
		DE68094317B6DFC400687DDA /* background4_320X480.png in Resources */ = {isa = PBXBuildFile; fileRef = DE68092B17B6DFC400687DDA /* background4_320X480.png */; };
		DE68094417B6DFC400687DDA /* background4_320X480@2x.png in Resources */ = {isa = PBXBuildFile; fileRef = DE68092C17B6DFC400687DDA /* background4_320X480@2x.png */; };
		DE68094517B6DFC400687DDA /* background4_320X568@2x.png in Resources */ = {isa = PBXBuildFile; fileRef = DE68092D17B6DFC400687DDA /* background4_320X568@2x.png */; };
		DE68094617B6DFC400687DDA /* background4_768X1024.png in Resources */ = {isa = PBXBuildFile; fileRef = DE68092E17B6DFC400687DDA /* background4_768X1024.png */; };
		DE68094717B6DFC400687DDA /* background3_320X480.png in Resources */ = {isa = PBXBuildFile; fileRef = DE68092F17B6DFC400687DDA /* background3_320X480.png */; };
		DE68094817B6DFC400687DDA /* background3_320X480@2x.png in Resources */ = {isa = PBXBuildFile; fileRef = DE68093017B6DFC400687DDA /* background3_320X480@2x.png */; };
		DE68094917B6DFC400687DDA /* background3_320X568.png in Resources */ = {isa = PBXBuildFile; fileRef = DE68093117B6DFC400687DDA /* background3_320X568.png */; };
		DE68094A17B6DFC400687DDA /* background3_320X568@2x.png in Resources */ = {isa = PBXBuildFile; fileRef = DE68093217B6DFC400687DDA /* background3_320X568@2x.png */; };
		DE68094B17B6DFC400687DDA /* background3_768X1024.png in Resources */ = {isa = PBXBuildFile; fileRef = DE68093317B6DFC400687DDA /* background3_768X1024.png */; };
		DE68094C17B6DFC400687DDA /* background2_320X480.png in Resources */ = {isa = PBXBuildFile; fileRef = DE68093417B6DFC400687DDA /* background2_320X480.png */; };
		DE68094D17B6DFC400687DDA /* background2_320X480@2x.png in Resources */ = {isa = PBXBuildFile; fileRef = DE68093517B6DFC400687DDA /* background2_320X480@2x.png */; };
		DE68094E17B6DFC400687DDA /* background2_320X568.png in Resources */ = {isa = PBXBuildFile; fileRef = DE68093617B6DFC400687DDA /* background2_320X568.png */; };
		DE68094F17B6DFC400687DDA /* background2_320X568@2x.png in Resources */ = {isa = PBXBuildFile; fileRef = DE68093717B6DFC400687DDA /* background2_320X568@2x.png */; };
		DE68095017B6DFC400687DDA /* background2_768X1024.png in Resources */ = {isa = PBXBuildFile; fileRef = DE68093817B6DFC400687DDA /* background2_768X1024.png */; };
		DE68095117B6DFC400687DDA /* background1_320X480.png in Resources */ = {isa = PBXBuildFile; fileRef = DE68093917B6DFC400687DDA /* background1_320X480.png */; };
		DE68095217B6DFC400687DDA /* background1_320X480@2x.png in Resources */ = {isa = PBXBuildFile; fileRef = DE68093A17B6DFC400687DDA /* background1_320X480@2x.png */; };
		DE68095317B6DFC400687DDA /* background1_320X568@2x.png in Resources */ = {isa = PBXBuildFile; fileRef = DE68093B17B6DFC400687DDA /* background1_320X568@2x.png */; };
		DE68095417B6DFC400687DDA /* background1_320X568.png in Resources */ = {isa = PBXBuildFile; fileRef = DE68093C17B6DFC400687DDA /* background1_320X568.png */; };
		DE68095517B6DFC400687DDA /* background1_768X1024.png in Resources */ = {isa = PBXBuildFile; fileRef = DE68093D17B6DFC400687DDA /* background1_768X1024.png */; };
		DE68095617B6DFC400687DDA /* background1_768X1024@2x.png in Resources */ = {isa = PBXBuildFile; fileRef = DE68093E17B6DFC400687DDA /* background1_768X1024@2x.png */; };
		DE68095717B6DFC400687DDA /* background2_768X1024@2x.png in Resources */ = {isa = PBXBuildFile; fileRef = DE68093F17B6DFC400687DDA /* background2_768X1024@2x.png */; };
		DE68095817B6DFC400687DDA /* background3_768X1024@2x.png in Resources */ = {isa = PBXBuildFile; fileRef = DE68094017B6DFC400687DDA /* background3_768X1024@2x.png */; };
		DE68095917B6DFC400687DDA /* background4_768X1024@2x.png in Resources */ = {isa = PBXBuildFile; fileRef = DE68094117B6DFC400687DDA /* background4_768X1024@2x.png */; };
		DE68096817B754CD00687DDA /* btnMore_60.png in Resources */ = {isa = PBXBuildFile; fileRef = DE68096417B754CD00687DDA /* btnMore_60.png */; };
		DE68096917B754CD00687DDA /* btnMore_100.png in Resources */ = {isa = PBXBuildFile; fileRef = DE68096517B754CD00687DDA /* btnMore_100.png */; };
		DE68096A17B754CD00687DDA /* btnMore_60@2x.png in Resources */ = {isa = PBXBuildFile; fileRef = DE68096617B754CD00687DDA /* btnMore_60@2x.png */; };
		DE68096B17B754CD00687DDA /* btnMore_100@2x.png in Resources */ = {isa = PBXBuildFile; fileRef = DE68096717B754CD00687DDA /* btnMore_100@2x.png */; };
		DE68096E17B76DAC00687DDA /* btnFavoriteAdd_60@2x.png in Resources */ = {isa = PBXBuildFile; fileRef = DE68096C17B76DAC00687DDA /* btnFavoriteAdd_60@2x.png */; };
		DE68096F17B76DAC00687DDA /* btnFavoriteAdd_60.png in Resources */ = {isa = PBXBuildFile; fileRef = DE68096D17B76DAC00687DDA /* btnFavoriteAdd_60.png */; };
		DE68097217B76F0300687DDA /* btnFavoriteAdd_40.png in Resources */ = {isa = PBXBuildFile; fileRef = DE68097017B76F0300687DDA /* btnFavoriteAdd_40.png */; };
		DE68097317B76F0300687DDA /* btnFavoriteAdd_40@2x.png in Resources */ = {isa = PBXBuildFile; fileRef = DE68097117B76F0300687DDA /* btnFavoriteAdd_40@2x.png */; };
		DE68097817B77B9A00687DDA /* btnSave_40.png in Resources */ = {isa = PBXBuildFile; fileRef = DE68097417B77B9A00687DDA /* btnSave_40.png */; };
		DE68097917B77B9A00687DDA /* btnSave_60.png in Resources */ = {isa = PBXBuildFile; fileRef = DE68097517B77B9A00687DDA /* btnSave_60.png */; };
		DE68097A17B77B9A00687DDA /* btnSave_40@2x.png in Resources */ = {isa = PBXBuildFile; fileRef = DE68097617B77B9A00687DDA /* btnSave_40@2x.png */; };
		DE68097B17B77B9A00687DDA /* btnSave_60@2x.png in Resources */ = {isa = PBXBuildFile; fileRef = DE68097717B77B9A00687DDA /* btnSave_60@2x.png */; };
		DE68098017B78EB100687DDA /* btnShare_40.png in Resources */ = {isa = PBXBuildFile; fileRef = DE68097C17B78EB100687DDA /* btnShare_40.png */; };
		DE68098117B78EB100687DDA /* btnShare_60.png in Resources */ = {isa = PBXBuildFile; fileRef = DE68097D17B78EB100687DDA /* btnShare_60.png */; };
		DE68098217B78EB100687DDA /* btnShare_80@2x.png in Resources */ = {isa = PBXBuildFile; fileRef = DE68097E17B78EB100687DDA /* btnShare_80@2x.png */; };
		DE68098317B78EB100687DDA /* btnShare_120@2x.png in Resources */ = {isa = PBXBuildFile; fileRef = DE68097F17B78EB100687DDA /* btnShare_120@2x.png */; };
		DE68098817B7937500687DDA /* btnNext_40.png in Resources */ = {isa = PBXBuildFile; fileRef = DE68098417B7937500687DDA /* btnNext_40.png */; };
		DE68098917B7937500687DDA /* btnNext_60.png in Resources */ = {isa = PBXBuildFile; fileRef = DE68098517B7937500687DDA /* btnNext_60.png */; };
		DE68098A17B7937500687DDA /* btnNext_80@2x.png in Resources */ = {isa = PBXBuildFile; fileRef = DE68098617B7937500687DDA /* btnNext_80@2x.png */; };
		DE68098B17B7937500687DDA /* btnNext_120@2x.png in Resources */ = {isa = PBXBuildFile; fileRef = DE68098717B7937500687DDA /* btnNext_120@2x.png */; };
		DE68099817B7A42700687DDA /* btnEmail_60@2x.png in Resources */ = {isa = PBXBuildFile; fileRef = DE68098C17B7A42700687DDA /* btnEmail_60@2x.png */; };
		DE68099917B7A42700687DDA /* btnEmail_40@2x.png in Resources */ = {isa = PBXBuildFile; fileRef = DE68098D17B7A42700687DDA /* btnEmail_40@2x.png */; };
		DE68099A17B7A42700687DDA /* btnEmail_60.png in Resources */ = {isa = PBXBuildFile; fileRef = DE68098E17B7A42700687DDA /* btnEmail_60.png */; };
		DE68099B17B7A42700687DDA /* btnEmail_40.png in Resources */ = {isa = PBXBuildFile; fileRef = DE68098F17B7A42700687DDA /* btnEmail_40.png */; };
		DE68099D17B7A42700687DDA /* btnTwitter_60.png in Resources */ = {isa = PBXBuildFile; fileRef = DE68099117B7A42700687DDA /* btnTwitter_60.png */; };
		DE68099E17B7A42700687DDA /* btnTwitter_40@2x.png in Resources */ = {isa = PBXBuildFile; fileRef = DE68099217B7A42700687DDA /* btnTwitter_40@2x.png */; };
		DE68099F17B7A42700687DDA /* btnTwitter_60@2x.png in Resources */ = {isa = PBXBuildFile; fileRef = DE68099317B7A42700687DDA /* btnTwitter_60@2x.png */; };
		DE6809A017B7A42700687DDA /* btnFacebook_40.png in Resources */ = {isa = PBXBuildFile; fileRef = DE68099417B7A42700687DDA /* btnFacebook_40.png */; };
		DE6809A117B7A42700687DDA /* btnFacebook_60.png in Resources */ = {isa = PBXBuildFile; fileRef = DE68099517B7A42700687DDA /* btnFacebook_60.png */; };
		DE6809A217B7A42700687DDA /* btnFacebook_40@2x.png in Resources */ = {isa = PBXBuildFile; fileRef = DE68099617B7A42700687DDA /* btnFacebook_40@2x.png */; };
		DE6809A317B7A42700687DDA /* btnFacebook_60@2x.png in Resources */ = {isa = PBXBuildFile; fileRef = DE68099717B7A42700687DDA /* btnFacebook_60@2x.png */; };
		DE6809A517B7A61600687DDA /* btnTwitter_40.png in Resources */ = {isa = PBXBuildFile; fileRef = DE6809A417B7A61600687DDA /* btnTwitter_40.png */; };
		DE6809AE17B7AFBE00687DDA /* btnDelete_40.png in Resources */ = {isa = PBXBuildFile; fileRef = DE6809A617B7AFBE00687DDA /* btnDelete_40.png */; };
		DE6809AF17B7AFBE00687DDA /* btnDelete_60.png in Resources */ = {isa = PBXBuildFile; fileRef = DE6809A717B7AFBE00687DDA /* btnDelete_60.png */; };
		DE6809B017B7AFBE00687DDA /* btnDelete_40@2x.png in Resources */ = {isa = PBXBuildFile; fileRef = DE6809A817B7AFBE00687DDA /* btnDelete_40@2x.png */; };
		DE6809B117B7AFBE00687DDA /* btnDelete_60@2x.png in Resources */ = {isa = PBXBuildFile; fileRef = DE6809A917B7AFBE00687DDA /* btnDelete_60@2x.png */; };
		DE6809B217B7AFBE00687DDA /* btnDetail_40.png in Resources */ = {isa = PBXBuildFile; fileRef = DE6809AA17B7AFBE00687DDA /* btnDetail_40.png */; };
		DE6809B317B7AFBE00687DDA /* btnDetail_60.png in Resources */ = {isa = PBXBuildFile; fileRef = DE6809AB17B7AFBE00687DDA /* btnDetail_60.png */; };
		DE6809B417B7AFBE00687DDA /* btnDetail_40@2x.png in Resources */ = {isa = PBXBuildFile; fileRef = DE6809AC17B7AFBE00687DDA /* btnDetail_40@2x.png */; };
		DE6809B517B7AFBE00687DDA /* btnDetail_60@2x.png in Resources */ = {isa = PBXBuildFile; fileRef = DE6809AD17B7AFBE00687DDA /* btnDetail_60@2x.png */; };
		DE6809C117B7C51F00687DDA /* Default.png in Resources */ = {isa = PBXBuildFile; fileRef = DE6809C017B7C51F00687DDA /* Default.png */; };
		DE6809C317B7C54E00687DDA /* Default@2x.png in Resources */ = {isa = PBXBuildFile; fileRef = DE6809C217B7C54E00687DDA /* Default@2x.png */; };
		DE6809C517B7C56400687DDA /* Default-568h@2x.png in Resources */ = {isa = PBXBuildFile; fileRef = DE6809C417B7C56400687DDA /* Default-568h@2x.png */; };
		DE6809C717B7C58B00687DDA /* Default-Portrait~ipad.png in Resources */ = {isa = PBXBuildFile; fileRef = DE6809C617B7C58B00687DDA /* Default-Portrait~ipad.png */; };
		DE6809C917B7C59200687DDA /* Default-Portrait@2x~ipad.png in Resources */ = {isa = PBXBuildFile; fileRef = DE6809C817B7C59200687DDA /* Default-Portrait@2x~ipad.png */; };
		DE91C25D17AFD6D2006BE08B /* SaveNewQuotes.m in Sources */ = {isa = PBXBuildFile; fileRef = DE91C25C17AFD6D2006BE08B /* SaveNewQuotes.m */; };
		DEB1C28E17AA7B920083C9F5 /* Yellow_300x55.png in Resources */ = {isa = PBXBuildFile; fileRef = DEB1C28D17AA7B910083C9F5 /* Yellow_300x55.png */; };
		DEBE190B17B5268D001BCC52 /* FavTableCell.m in Sources */ = {isa = PBXBuildFile; fileRef = DEBE190A17B5268D001BCC52 /* FavTableCell.m */; };
		DEBE190E17B52760001BCC52 /* FavTableViewController.m in Sources */ = {isa = PBXBuildFile; fileRef = DEBE190D17B52760001BCC52 /* FavTableViewController.m */; };
		DEF2C67217ABACCA00334706 /* YellowSample3@2x.png in Resources */ = {isa = PBXBuildFile; fileRef = DEF2C66E17ABACCA00334706 /* YellowSample3@2x.png */; };
		F40BDE28177A97FF00428D57 /* Info_Mdl.m in Sources */ = {isa = PBXBuildFile; fileRef = F40BDE27177A97FF00428D57 /* Info_Mdl.m */; };
		F40BDE2C177A984A00428D57 /* Info_Cntrl.m in Sources */ = {isa = PBXBuildFile; fileRef = F40BDE2B177A984A00428D57 /* Info_Cntrl.m */; };
		F40BDE2E177B1A1C00428D57 /* MessageUI.framework in Frameworks */ = {isa = PBXBuildFile; fileRef = F40BDE2D177B1A1C00428D57 /* MessageUI.framework */; };
		F40BDE31177B21F500428D57 /* WebsiteViewController.m in Sources */ = {isa = PBXBuildFile; fileRef = F40BDE30177B21F500428D57 /* WebsiteViewController.m */; };
		F43AF73317801E160025F389 /* MainStoryboard_iPhone.storyboard in Resources */ = {isa = PBXBuildFile; fileRef = F43AF73217801E160025F389 /* MainStoryboard_iPhone.storyboard */; };
		F445D74017800926006AEF30 /* FlowCoverView.m in Sources */ = {isa = PBXBuildFile; fileRef = F445D73F17800926006AEF30 /* FlowCoverView.m */; };
		F445D7441780098E006AEF30 /* DataCache.m in Sources */ = {isa = PBXBuildFile; fileRef = F445D7431780098E006AEF30 /* DataCache.m */; };
		F445D74617800A23006AEF30 /* QuartzCore.framework in Frameworks */ = {isa = PBXBuildFile; fileRef = F445D74517800A23006AEF30 /* QuartzCore.framework */; };
		F445D74817800A30006AEF30 /* OpenGLES.framework in Frameworks */ = {isa = PBXBuildFile; fileRef = F445D74717800A30006AEF30 /* OpenGLES.framework */; };
		F44717B417807FF7004BA19C /* DailyDataCache.m in Sources */ = {isa = PBXBuildFile; fileRef = F44717B317807FF7004BA19C /* DailyDataCache.m */; };
		F4484BA6178D8B7D00BAC560 /* FacebookSDK.framework in Frameworks */ = {isa = PBXBuildFile; fileRef = F4484BA5178D8B7D00BAC560 /* FacebookSDK.framework */; };
		F4484BA8178D8BCD00BAC560 /* Accounts.framework in Frameworks */ = {isa = PBXBuildFile; fileRef = F4484BA7178D8BCD00BAC560 /* Accounts.framework */; };
		F4484BAB178D926200BAC560 /* ShareViewController.m in Sources */ = {isa = PBXBuildFile; fileRef = F4484BAA178D926100BAC560 /* ShareViewController.m */; };
		F4484BAE178D937200BAC560 /* Share_Mdl.m in Sources */ = {isa = PBXBuildFile; fileRef = F4484BAD178D937200BAC560 /* Share_Mdl.m */; };
		F4484BB1178D938E00BAC560 /* Share_Cntrl.m in Sources */ = {isa = PBXBuildFile; fileRef = F4484BB0178D938E00BAC560 /* Share_Cntrl.m */; };
		F44A561A1791ADC6002D75F4 /* DailyQuoteVal.m in Sources */ = {isa = PBXBuildFile; fileRef = F44A56191791ADC6002D75F4 /* DailyQuoteVal.m */; };
		F458ABDC178DC50000874E53 /* Twitter.framework in Frameworks */ = {isa = PBXBuildFile; fileRef = F458ABDB178DC50000874E53 /* Twitter.framework */; };
		F45CC15B1776829E00F8892E /* UIKit.framework in Frameworks */ = {isa = PBXBuildFile; fileRef = F45CC15A1776829E00F8892E /* UIKit.framework */; };
		F45CC15D1776829E00F8892E /* Foundation.framework in Frameworks */ = {isa = PBXBuildFile; fileRef = F45CC15C1776829E00F8892E /* Foundation.framework */; };
		F45CC15F1776829E00F8892E /* CoreGraphics.framework in Frameworks */ = {isa = PBXBuildFile; fileRef = F45CC15E1776829E00F8892E /* CoreGraphics.framework */; };
		F45CC1651776829E00F8892E /* InfoPlist.strings in Resources */ = {isa = PBXBuildFile; fileRef = F45CC1631776829E00F8892E /* InfoPlist.strings */; };
		F45CC1671776829E00F8892E /* main.m in Sources */ = {isa = PBXBuildFile; fileRef = F45CC1661776829E00F8892E /* main.m */; };
		F45CC16B1776829E00F8892E /* AppDelegate.m in Sources */ = {isa = PBXBuildFile; fileRef = F45CC16A1776829E00F8892E /* AppDelegate.m */; };
		F45CC1711776829E00F8892E /* MainStoryboard_iPad.storyboard in Resources */ = {isa = PBXBuildFile; fileRef = F45CC16F1776829E00F8892E /* MainStoryboard_iPad.storyboard */; };
		F45CC1871776829F00F8892E /* SenTestingKit.framework in Frameworks */ = {isa = PBXBuildFile; fileRef = F45CC1861776829F00F8892E /* SenTestingKit.framework */; };
		F45CC1881776829F00F8892E /* UIKit.framework in Frameworks */ = {isa = PBXBuildFile; fileRef = F45CC15A1776829E00F8892E /* UIKit.framework */; };
		F45CC1891776829F00F8892E /* Foundation.framework in Frameworks */ = {isa = PBXBuildFile; fileRef = F45CC15C1776829E00F8892E /* Foundation.framework */; };
		F45CC1911776829F00F8892E /* InfoPlist.strings in Resources */ = {isa = PBXBuildFile; fileRef = F45CC18F1776829F00F8892E /* InfoPlist.strings */; };
		F45CC1941776829F00F8892E /* EmbraceTheChaosTests.m in Sources */ = {isa = PBXBuildFile; fileRef = F45CC1931776829F00F8892E /* EmbraceTheChaosTests.m */; };
		F470E9B7178EF9F90045CB08 /* Index_Mdl.m in Sources */ = {isa = PBXBuildFile; fileRef = F470E9B6178EF9F90045CB08 /* Index_Mdl.m */; };
		F470E9BB178EFB770045CB08 /* Index_Cntrl.m in Sources */ = {isa = PBXBuildFile; fileRef = F470E9BA178EFB770045CB08 /* Index_Cntrl.m */; };
		F47BCFDE1778777200CD5949 /* DailyViewController.m in Sources */ = {isa = PBXBuildFile; fileRef = F47BCFDD1778777200CD5949 /* DailyViewController.m */; };
		F47BCFE11778779B00CD5949 /* IndexViewController.m in Sources */ = {isa = PBXBuildFile; fileRef = F47BCFE01778779B00CD5949 /* IndexViewController.m */; };
		F47BCFE7177877C900CD5949 /* InfoViewController.m in Sources */ = {isa = PBXBuildFile; fileRef = F47BCFE6177877C800CD5949 /* InfoViewController.m */; };
		F48E6B3B1780650C00B45DE8 /* DailyCoverView.m in Sources */ = {isa = PBXBuildFile; fileRef = F48E6B3A1780650C00B45DE8 /* DailyCoverView.m */; };
		F4A8745F17768F38003F063E /* libsqlite3.dylib in Frameworks */ = {isa = PBXBuildFile; fileRef = F4A8745E17768F38003F063E /* libsqlite3.dylib */; };
		F4A87468177692D4003F063E /* Favorite_Mdl.m in Sources */ = {isa = PBXBuildFile; fileRef = F4A87467177692D4003F063E /* Favorite_Mdl.m */; };
		F4D95FFD177714070082A841 /* Favorite_Cntrl.m in Sources */ = {isa = PBXBuildFile; fileRef = F4D95FFC177714070082A841 /* Favorite_Cntrl.m */; };
		F4FB6036178BC78100D5F3AF /* Daily_Cntrl.m in Sources */ = {isa = PBXBuildFile; fileRef = F4FB6035178BC78100D5F3AF /* Daily_Cntrl.m */; };
		F4FB6039178BC86400D5F3AF /* Daily_Mdl.m in Sources */ = {isa = PBXBuildFile; fileRef = F4FB6038178BC86400D5F3AF /* Daily_Mdl.m */; };
		F4FB603C178C251200D5F3AF /* CrudOps_Cntrl.m in Sources */ = {isa = PBXBuildFile; fileRef = F4FB603B178C251100D5F3AF /* CrudOps_Cntrl.m */; };
/* End PBXBuildFile section */

/* Begin PBXContainerItemProxy section */
		F45CC18A1776829F00F8892E /* PBXContainerItemProxy */ = {
			isa = PBXContainerItemProxy;
			containerPortal = F45CC14D1776829D00F8892E /* Project object */;
			proxyType = 1;
			remoteGlobalIDString = F45CC1551776829E00F8892E;
			remoteInfo = EmbraceTheChaos;
		};
/* End PBXContainerItemProxy section */

/* Begin PBXFileReference section */
		DE0C0D9917ABA88A0066C636 /* YellowSample3.png */ = {isa = PBXFileReference; lastKnownFileType = image.png; path = YellowSample3.png; sourceTree = "<group>"; };
		DE0C0D9C17ABA8AB0066C636 /* YellowSample3.png */ = {isa = PBXFileReference; lastKnownFileType = image.png; path = YellowSample3.png; sourceTree = "<group>"; };
		DE41A55017B1011C0046C73E /* A.png */ = {isa = PBXFileReference; lastKnownFileType = image.png; path = A.png; sourceTree = "<group>"; };
		DE41A55417B105A60046C73E /* embrace_the_chaos.sqlite3 */ = {isa = PBXFileReference; lastKnownFileType = file; path = embrace_the_chaos.sqlite3; sourceTree = "<group>"; };
		DE4A8C5D17AD612500C06D21 /* WebserviceCall.h */ = {isa = PBXFileReference; fileEncoding = 4; lastKnownFileType = sourcecode.c.h; path = WebserviceCall.h; sourceTree = "<group>"; };
		DE4A8C5E17AD612500C06D21 /* WebserviceCall.m */ = {isa = PBXFileReference; fileEncoding = 4; lastKnownFileType = sourcecode.c.objc; path = WebserviceCall.m; sourceTree = "<group>"; };
		DE4A8C6017AD69CB00C06D21 /* NewQuoteVals.h */ = {isa = PBXFileReference; fileEncoding = 4; lastKnownFileType = sourcecode.c.h; path = NewQuoteVals.h; sourceTree = "<group>"; };
		DE4A8C6117AD69CB00C06D21 /* NewQuoteVals.m */ = {isa = PBXFileReference; fileEncoding = 4; lastKnownFileType = sourcecode.c.objc; path = NewQuoteVals.m; sourceTree = "<group>"; };
		DE68091517B6AC0500687DDA /* Daily@2x.png */ = {isa = PBXFileReference; lastKnownFileType = image.png; path = "Daily@2x.png"; sourceTree = "<group>"; };
		DE68091617B6AC0500687DDA /* Daily.png */ = {isa = PBXFileReference; lastKnownFileType = image.png; path = Daily.png; sourceTree = "<group>"; };
		DE68091917B6AE1C00687DDA /* Favorite.png */ = {isa = PBXFileReference; lastKnownFileType = image.png; path = Favorite.png; sourceTree = "<group>"; };
		DE68091A17B6AE1C00687DDA /* Favorite@2x.png */ = {isa = PBXFileReference; lastKnownFileType = image.png; path = "Favorite@2x.png"; sourceTree = "<group>"; };
		DE68091D17B6B4BA00687DDA /* Index@2x.png */ = {isa = PBXFileReference; lastKnownFileType = image.png; path = "Index@2x.png"; sourceTree = "<group>"; };
		DE68091E17B6B4BA00687DDA /* index.png */ = {isa = PBXFileReference; lastKnownFileType = image.png; path = index.png; sourceTree = "<group>"; };
		DE68092517B6B7ED00687DDA /* info@2x.png */ = {isa = PBXFileReference; lastKnownFileType = image.png; path = "info@2x.png"; sourceTree = "<group>"; };
		DE68092617B6B7ED00687DDA /* info.png */ = {isa = PBXFileReference; lastKnownFileType = image.png; path = info.png; sourceTree = "<group>"; };
		DE68092A17B6DFC400687DDA /* background4_320X568.png */ = {isa = PBXFileReference; lastKnownFileType = image.png; path = background4_320X568.png; sourceTree = "<group>"; };
		DE68092B17B6DFC400687DDA /* background4_320X480.png */ = {isa = PBXFileReference; lastKnownFileType = image.png; path = background4_320X480.png; sourceTree = "<group>"; };
		DE68092C17B6DFC400687DDA /* background4_320X480@2x.png */ = {isa = PBXFileReference; lastKnownFileType = image.png; path = "background4_320X480@2x.png"; sourceTree = "<group>"; };
		DE68092D17B6DFC400687DDA /* background4_320X568@2x.png */ = {isa = PBXFileReference; lastKnownFileType = image.png; path = "background4_320X568@2x.png"; sourceTree = "<group>"; };
		DE68092E17B6DFC400687DDA /* background4_768X1024.png */ = {isa = PBXFileReference; lastKnownFileType = image.png; path = background4_768X1024.png; sourceTree = "<group>"; };
		DE68092F17B6DFC400687DDA /* background3_320X480.png */ = {isa = PBXFileReference; lastKnownFileType = image.png; path = background3_320X480.png; sourceTree = "<group>"; };
		DE68093017B6DFC400687DDA /* background3_320X480@2x.png */ = {isa = PBXFileReference; lastKnownFileType = image.png; path = "background3_320X480@2x.png"; sourceTree = "<group>"; };
		DE68093117B6DFC400687DDA /* background3_320X568.png */ = {isa = PBXFileReference; lastKnownFileType = image.png; path = background3_320X568.png; sourceTree = "<group>"; };
		DE68093217B6DFC400687DDA /* background3_320X568@2x.png */ = {isa = PBXFileReference; lastKnownFileType = image.png; path = "background3_320X568@2x.png"; sourceTree = "<group>"; };
		DE68093317B6DFC400687DDA /* background3_768X1024.png */ = {isa = PBXFileReference; lastKnownFileType = image.png; path = background3_768X1024.png; sourceTree = "<group>"; };
		DE68093417B6DFC400687DDA /* background2_320X480.png */ = {isa = PBXFileReference; lastKnownFileType = image.png; path = background2_320X480.png; sourceTree = "<group>"; };
		DE68093517B6DFC400687DDA /* background2_320X480@2x.png */ = {isa = PBXFileReference; lastKnownFileType = image.png; path = "background2_320X480@2x.png"; sourceTree = "<group>"; };
		DE68093617B6DFC400687DDA /* background2_320X568.png */ = {isa = PBXFileReference; lastKnownFileType = image.png; path = background2_320X568.png; sourceTree = "<group>"; };
		DE68093717B6DFC400687DDA /* background2_320X568@2x.png */ = {isa = PBXFileReference; lastKnownFileType = image.png; path = "background2_320X568@2x.png"; sourceTree = "<group>"; };
		DE68093817B6DFC400687DDA /* background2_768X1024.png */ = {isa = PBXFileReference; lastKnownFileType = image.png; path = background2_768X1024.png; sourceTree = "<group>"; };
		DE68093917B6DFC400687DDA /* background1_320X480.png */ = {isa = PBXFileReference; lastKnownFileType = image.png; path = background1_320X480.png; sourceTree = "<group>"; };
		DE68093A17B6DFC400687DDA /* background1_320X480@2x.png */ = {isa = PBXFileReference; lastKnownFileType = image.png; path = "background1_320X480@2x.png"; sourceTree = "<group>"; };
		DE68093B17B6DFC400687DDA /* background1_320X568@2x.png */ = {isa = PBXFileReference; lastKnownFileType = image.png; path = "background1_320X568@2x.png"; sourceTree = "<group>"; };
		DE68093C17B6DFC400687DDA /* background1_320X568.png */ = {isa = PBXFileReference; lastKnownFileType = image.png; path = background1_320X568.png; sourceTree = "<group>"; };
		DE68093D17B6DFC400687DDA /* background1_768X1024.png */ = {isa = PBXFileReference; lastKnownFileType = image.png; path = background1_768X1024.png; sourceTree = "<group>"; };
		DE68093E17B6DFC400687DDA /* background1_768X1024@2x.png */ = {isa = PBXFileReference; lastKnownFileType = image.png; path = "background1_768X1024@2x.png"; sourceTree = "<group>"; };
		DE68093F17B6DFC400687DDA /* background2_768X1024@2x.png */ = {isa = PBXFileReference; lastKnownFileType = image.png; path = "background2_768X1024@2x.png"; sourceTree = "<group>"; };
		DE68094017B6DFC400687DDA /* background3_768X1024@2x.png */ = {isa = PBXFileReference; lastKnownFileType = image.png; path = "background3_768X1024@2x.png"; sourceTree = "<group>"; };
		DE68094117B6DFC400687DDA /* background4_768X1024@2x.png */ = {isa = PBXFileReference; lastKnownFileType = image.png; path = "background4_768X1024@2x.png"; sourceTree = "<group>"; };
		DE68096417B754CD00687DDA /* btnMore_60.png */ = {isa = PBXFileReference; lastKnownFileType = image.png; path = btnMore_60.png; sourceTree = "<group>"; };
		DE68096517B754CD00687DDA /* btnMore_100.png */ = {isa = PBXFileReference; lastKnownFileType = image.png; path = btnMore_100.png; sourceTree = "<group>"; };
		DE68096617B754CD00687DDA /* btnMore_60@2x.png */ = {isa = PBXFileReference; lastKnownFileType = image.png; path = "btnMore_60@2x.png"; sourceTree = "<group>"; };
		DE68096717B754CD00687DDA /* btnMore_100@2x.png */ = {isa = PBXFileReference; lastKnownFileType = image.png; path = "btnMore_100@2x.png"; sourceTree = "<group>"; };
		DE68096C17B76DAC00687DDA /* btnFavoriteAdd_60@2x.png */ = {isa = PBXFileReference; lastKnownFileType = image.png; path = "btnFavoriteAdd_60@2x.png"; sourceTree = "<group>"; };
		DE68096D17B76DAC00687DDA /* btnFavoriteAdd_60.png */ = {isa = PBXFileReference; lastKnownFileType = image.png; path = btnFavoriteAdd_60.png; sourceTree = "<group>"; };
		DE68097017B76F0300687DDA /* btnFavoriteAdd_40.png */ = {isa = PBXFileReference; lastKnownFileType = image.png; path = btnFavoriteAdd_40.png; sourceTree = "<group>"; };
		DE68097117B76F0300687DDA /* btnFavoriteAdd_40@2x.png */ = {isa = PBXFileReference; lastKnownFileType = image.png; path = "btnFavoriteAdd_40@2x.png"; sourceTree = "<group>"; };
		DE68097417B77B9A00687DDA /* btnSave_40.png */ = {isa = PBXFileReference; lastKnownFileType = image.png; path = btnSave_40.png; sourceTree = "<group>"; };
		DE68097517B77B9A00687DDA /* btnSave_60.png */ = {isa = PBXFileReference; lastKnownFileType = image.png; path = btnSave_60.png; sourceTree = "<group>"; };
		DE68097617B77B9A00687DDA /* btnSave_40@2x.png */ = {isa = PBXFileReference; lastKnownFileType = image.png; path = "btnSave_40@2x.png"; sourceTree = "<group>"; };
		DE68097717B77B9A00687DDA /* btnSave_60@2x.png */ = {isa = PBXFileReference; lastKnownFileType = image.png; path = "btnSave_60@2x.png"; sourceTree = "<group>"; };
		DE68097C17B78EB100687DDA /* btnShare_40.png */ = {isa = PBXFileReference; lastKnownFileType = image.png; path = btnShare_40.png; sourceTree = "<group>"; };
		DE68097D17B78EB100687DDA /* btnShare_60.png */ = {isa = PBXFileReference; lastKnownFileType = image.png; path = btnShare_60.png; sourceTree = "<group>"; };
		DE68097E17B78EB100687DDA /* btnShare_80@2x.png */ = {isa = PBXFileReference; lastKnownFileType = image.png; path = "btnShare_80@2x.png"; sourceTree = "<group>"; };
		DE68097F17B78EB100687DDA /* btnShare_120@2x.png */ = {isa = PBXFileReference; lastKnownFileType = image.png; path = "btnShare_120@2x.png"; sourceTree = "<group>"; };
		DE68098417B7937500687DDA /* btnNext_40.png */ = {isa = PBXFileReference; lastKnownFileType = image.png; path = btnNext_40.png; sourceTree = "<group>"; };
		DE68098517B7937500687DDA /* btnNext_60.png */ = {isa = PBXFileReference; lastKnownFileType = image.png; path = btnNext_60.png; sourceTree = "<group>"; };
		DE68098617B7937500687DDA /* btnNext_80@2x.png */ = {isa = PBXFileReference; lastKnownFileType = image.png; path = "btnNext_80@2x.png"; sourceTree = "<group>"; };
		DE68098717B7937500687DDA /* btnNext_120@2x.png */ = {isa = PBXFileReference; lastKnownFileType = image.png; path = "btnNext_120@2x.png"; sourceTree = "<group>"; };
		DE68098C17B7A42700687DDA /* btnEmail_60@2x.png */ = {isa = PBXFileReference; lastKnownFileType = image.png; path = "btnEmail_60@2x.png"; sourceTree = "<group>"; };
		DE68098D17B7A42700687DDA /* btnEmail_40@2x.png */ = {isa = PBXFileReference; lastKnownFileType = image.png; path = "btnEmail_40@2x.png"; sourceTree = "<group>"; };
		DE68098E17B7A42700687DDA /* btnEmail_60.png */ = {isa = PBXFileReference; lastKnownFileType = image.png; path = btnEmail_60.png; sourceTree = "<group>"; };
		DE68098F17B7A42700687DDA /* btnEmail_40.png */ = {isa = PBXFileReference; lastKnownFileType = image.png; path = btnEmail_40.png; sourceTree = "<group>"; };
		DE68099117B7A42700687DDA /* btnTwitter_60.png */ = {isa = PBXFileReference; lastKnownFileType = image.png; path = btnTwitter_60.png; sourceTree = "<group>"; };
		DE68099217B7A42700687DDA /* btnTwitter_40@2x.png */ = {isa = PBXFileReference; lastKnownFileType = image.png; path = "btnTwitter_40@2x.png"; sourceTree = "<group>"; };
		DE68099317B7A42700687DDA /* btnTwitter_60@2x.png */ = {isa = PBXFileReference; lastKnownFileType = image.png; path = "btnTwitter_60@2x.png"; sourceTree = "<group>"; };
		DE68099417B7A42700687DDA /* btnFacebook_40.png */ = {isa = PBXFileReference; lastKnownFileType = image.png; path = btnFacebook_40.png; sourceTree = "<group>"; };
		DE68099517B7A42700687DDA /* btnFacebook_60.png */ = {isa = PBXFileReference; lastKnownFileType = image.png; path = btnFacebook_60.png; sourceTree = "<group>"; };
		DE68099617B7A42700687DDA /* btnFacebook_40@2x.png */ = {isa = PBXFileReference; lastKnownFileType = image.png; path = "btnFacebook_40@2x.png"; sourceTree = "<group>"; };
		DE68099717B7A42700687DDA /* btnFacebook_60@2x.png */ = {isa = PBXFileReference; lastKnownFileType = image.png; path = "btnFacebook_60@2x.png"; sourceTree = "<group>"; };
		DE6809A417B7A61600687DDA /* btnTwitter_40.png */ = {isa = PBXFileReference; lastKnownFileType = image.png; path = btnTwitter_40.png; sourceTree = "<group>"; };
		DE6809A617B7AFBE00687DDA /* btnDelete_40.png */ = {isa = PBXFileReference; lastKnownFileType = image.png; path = btnDelete_40.png; sourceTree = "<group>"; };
		DE6809A717B7AFBE00687DDA /* btnDelete_60.png */ = {isa = PBXFileReference; lastKnownFileType = image.png; path = btnDelete_60.png; sourceTree = "<group>"; };
		DE6809A817B7AFBE00687DDA /* btnDelete_40@2x.png */ = {isa = PBXFileReference; lastKnownFileType = image.png; path = "btnDelete_40@2x.png"; sourceTree = "<group>"; };
		DE6809A917B7AFBE00687DDA /* btnDelete_60@2x.png */ = {isa = PBXFileReference; lastKnownFileType = image.png; path = "btnDelete_60@2x.png"; sourceTree = "<group>"; };
		DE6809AA17B7AFBE00687DDA /* btnDetail_40.png */ = {isa = PBXFileReference; lastKnownFileType = image.png; path = btnDetail_40.png; sourceTree = "<group>"; };
		DE6809AB17B7AFBE00687DDA /* btnDetail_60.png */ = {isa = PBXFileReference; lastKnownFileType = image.png; path = btnDetail_60.png; sourceTree = "<group>"; };
		DE6809AC17B7AFBE00687DDA /* btnDetail_40@2x.png */ = {isa = PBXFileReference; lastKnownFileType = image.png; path = "btnDetail_40@2x.png"; sourceTree = "<group>"; };
		DE6809AD17B7AFBE00687DDA /* btnDetail_60@2x.png */ = {isa = PBXFileReference; lastKnownFileType = image.png; path = "btnDetail_60@2x.png"; sourceTree = "<group>"; };
		DE6809C017B7C51F00687DDA /* Default.png */ = {isa = PBXFileReference; lastKnownFileType = image.png; path = Default.png; sourceTree = "<group>"; };
		DE6809C217B7C54E00687DDA /* Default@2x.png */ = {isa = PBXFileReference; lastKnownFileType = image.png; path = "Default@2x.png"; sourceTree = "<group>"; };
		DE6809C417B7C56400687DDA /* Default-568h@2x.png */ = {isa = PBXFileReference; lastKnownFileType = image.png; path = "Default-568h@2x.png"; sourceTree = "<group>"; };
		DE6809C617B7C58B00687DDA /* Default-Portrait~ipad.png */ = {isa = PBXFileReference; lastKnownFileType = image.png; path = "Default-Portrait~ipad.png"; sourceTree = "<group>"; };
		DE6809C817B7C59200687DDA /* Default-Portrait@2x~ipad.png */ = {isa = PBXFileReference; lastKnownFileType = image.png; path = "Default-Portrait@2x~ipad.png"; sourceTree = "<group>"; };
		DE91C25B17AFD6D2006BE08B /* SaveNewQuotes.h */ = {isa = PBXFileReference; fileEncoding = 4; lastKnownFileType = sourcecode.c.h; path = SaveNewQuotes.h; sourceTree = "<group>"; };
		DE91C25C17AFD6D2006BE08B /* SaveNewQuotes.m */ = {isa = PBXFileReference; fileEncoding = 4; lastKnownFileType = sourcecode.c.objc; path = SaveNewQuotes.m; sourceTree = "<group>"; };
		DEB1C28D17AA7B910083C9F5 /* Yellow_300x55.png */ = {isa = PBXFileReference; lastKnownFileType = image.png; path = Yellow_300x55.png; sourceTree = "<group>"; };
		DEBE190917B5268D001BCC52 /* FavTableCell.h */ = {isa = PBXFileReference; fileEncoding = 4; lastKnownFileType = sourcecode.c.h; path = FavTableCell.h; sourceTree = "<group>"; };
		DEBE190A17B5268D001BCC52 /* FavTableCell.m */ = {isa = PBXFileReference; fileEncoding = 4; lastKnownFileType = sourcecode.c.objc; path = FavTableCell.m; sourceTree = "<group>"; };
		DEBE190C17B52760001BCC52 /* FavTableViewController.h */ = {isa = PBXFileReference; fileEncoding = 4; lastKnownFileType = sourcecode.c.h; path = FavTableViewController.h; sourceTree = "<group>"; };
		DEBE190D17B52760001BCC52 /* FavTableViewController.m */ = {isa = PBXFileReference; fileEncoding = 4; lastKnownFileType = sourcecode.c.objc; path = FavTableViewController.m; sourceTree = "<group>"; };
		DEF2C66E17ABACCA00334706 /* YellowSample3@2x.png */ = {isa = PBXFileReference; lastKnownFileType = image.png; path = "YellowSample3@2x.png"; sourceTree = "<group>"; };
		F40BDE26177A97FF00428D57 /* Info_Mdl.h */ = {isa = PBXFileReference; fileEncoding = 4; lastKnownFileType = sourcecode.c.h; path = Info_Mdl.h; sourceTree = "<group>"; };
		F40BDE27177A97FF00428D57 /* Info_Mdl.m */ = {isa = PBXFileReference; fileEncoding = 4; lastKnownFileType = sourcecode.c.objc; path = Info_Mdl.m; sourceTree = "<group>"; };
		F40BDE2A177A984A00428D57 /* Info_Cntrl.h */ = {isa = PBXFileReference; fileEncoding = 4; lastKnownFileType = sourcecode.c.h; path = Info_Cntrl.h; sourceTree = "<group>"; };
		F40BDE2B177A984A00428D57 /* Info_Cntrl.m */ = {isa = PBXFileReference; fileEncoding = 4; lastKnownFileType = sourcecode.c.objc; path = Info_Cntrl.m; sourceTree = "<group>"; };
		F40BDE2D177B1A1C00428D57 /* MessageUI.framework */ = {isa = PBXFileReference; lastKnownFileType = wrapper.framework; name = MessageUI.framework; path = System/Library/Frameworks/MessageUI.framework; sourceTree = SDKROOT; };
		F40BDE2F177B21F500428D57 /* WebsiteViewController.h */ = {isa = PBXFileReference; fileEncoding = 4; lastKnownFileType = sourcecode.c.h; path = WebsiteViewController.h; sourceTree = "<group>"; };
		F40BDE30177B21F500428D57 /* WebsiteViewController.m */ = {isa = PBXFileReference; fileEncoding = 4; lastKnownFileType = sourcecode.c.objc; path = WebsiteViewController.m; sourceTree = "<group>"; };
		F43AF73217801E160025F389 /* MainStoryboard_iPhone.storyboard */ = {isa = PBXFileReference; fileEncoding = 4; lastKnownFileType = file.storyboard; path = MainStoryboard_iPhone.storyboard; sourceTree = "<group>"; };
		F445D73E17800926006AEF30 /* FlowCoverView.h */ = {isa = PBXFileReference; fileEncoding = 4; lastKnownFileType = sourcecode.c.h; path = FlowCoverView.h; sourceTree = "<group>"; };
		F445D73F17800926006AEF30 /* FlowCoverView.m */ = {isa = PBXFileReference; fileEncoding = 4; lastKnownFileType = sourcecode.c.objc; path = FlowCoverView.m; sourceTree = "<group>"; };
		F445D7421780098E006AEF30 /* DataCache.h */ = {isa = PBXFileReference; fileEncoding = 4; lastKnownFileType = sourcecode.c.h; path = DataCache.h; sourceTree = "<group>"; };
		F445D7431780098E006AEF30 /* DataCache.m */ = {isa = PBXFileReference; fileEncoding = 4; lastKnownFileType = sourcecode.c.objc; path = DataCache.m; sourceTree = "<group>"; };
		F445D74517800A23006AEF30 /* QuartzCore.framework */ = {isa = PBXFileReference; lastKnownFileType = wrapper.framework; name = QuartzCore.framework; path = System/Library/Frameworks/QuartzCore.framework; sourceTree = SDKROOT; };
		F445D74717800A30006AEF30 /* OpenGLES.framework */ = {isa = PBXFileReference; lastKnownFileType = wrapper.framework; name = OpenGLES.framework; path = System/Library/Frameworks/OpenGLES.framework; sourceTree = SDKROOT; };
		F44717B217807FF7004BA19C /* DailyDataCache.h */ = {isa = PBXFileReference; fileEncoding = 4; lastKnownFileType = sourcecode.c.h; path = DailyDataCache.h; sourceTree = "<group>"; };
		F44717B317807FF7004BA19C /* DailyDataCache.m */ = {isa = PBXFileReference; fileEncoding = 4; lastKnownFileType = sourcecode.c.objc; path = DailyDataCache.m; sourceTree = "<group>"; };
		F4484BA5178D8B7D00BAC560 /* FacebookSDK.framework */ = {isa = PBXFileReference; lastKnownFileType = wrapper.framework; path = FacebookSDK.framework; sourceTree = "<group>"; };
		F4484BA7178D8BCD00BAC560 /* Accounts.framework */ = {isa = PBXFileReference; lastKnownFileType = wrapper.framework; name = Accounts.framework; path = System/Library/Frameworks/Accounts.framework; sourceTree = SDKROOT; };
		F4484BA9178D926100BAC560 /* ShareViewController.h */ = {isa = PBXFileReference; fileEncoding = 4; lastKnownFileType = sourcecode.c.h; path = ShareViewController.h; sourceTree = "<group>"; };
		F4484BAA178D926100BAC560 /* ShareViewController.m */ = {isa = PBXFileReference; fileEncoding = 4; lastKnownFileType = sourcecode.c.objc; path = ShareViewController.m; sourceTree = "<group>"; };
		F4484BAC178D937200BAC560 /* Share_Mdl.h */ = {isa = PBXFileReference; fileEncoding = 4; lastKnownFileType = sourcecode.c.h; path = Share_Mdl.h; sourceTree = "<group>"; };
		F4484BAD178D937200BAC560 /* Share_Mdl.m */ = {isa = PBXFileReference; fileEncoding = 4; lastKnownFileType = sourcecode.c.objc; path = Share_Mdl.m; sourceTree = "<group>"; };
		F4484BAF178D938D00BAC560 /* Share_Cntrl.h */ = {isa = PBXFileReference; fileEncoding = 4; lastKnownFileType = sourcecode.c.h; path = Share_Cntrl.h; sourceTree = "<group>"; };
		F4484BB0178D938E00BAC560 /* Share_Cntrl.m */ = {isa = PBXFileReference; fileEncoding = 4; lastKnownFileType = sourcecode.c.objc; path = Share_Cntrl.m; sourceTree = "<group>"; };
		F44A56181791ADC6002D75F4 /* DailyQuoteVal.h */ = {isa = PBXFileReference; fileEncoding = 4; lastKnownFileType = sourcecode.c.h; path = DailyQuoteVal.h; sourceTree = "<group>"; };
		F44A56191791ADC6002D75F4 /* DailyQuoteVal.m */ = {isa = PBXFileReference; fileEncoding = 4; lastKnownFileType = sourcecode.c.objc; path = DailyQuoteVal.m; sourceTree = "<group>"; };
		F458ABDB178DC50000874E53 /* Twitter.framework */ = {isa = PBXFileReference; lastKnownFileType = wrapper.framework; name = Twitter.framework; path = System/Library/Frameworks/Twitter.framework; sourceTree = SDKROOT; };
		F45CC1561776829E00F8892E /* EmbraceTheChaos.app */ = {isa = PBXFileReference; explicitFileType = wrapper.application; includeInIndex = 0; path = EmbraceTheChaos.app; sourceTree = BUILT_PRODUCTS_DIR; };
		F45CC15A1776829E00F8892E /* UIKit.framework */ = {isa = PBXFileReference; lastKnownFileType = wrapper.framework; name = UIKit.framework; path = System/Library/Frameworks/UIKit.framework; sourceTree = SDKROOT; };
		F45CC15C1776829E00F8892E /* Foundation.framework */ = {isa = PBXFileReference; lastKnownFileType = wrapper.framework; name = Foundation.framework; path = System/Library/Frameworks/Foundation.framework; sourceTree = SDKROOT; };
		F45CC15E1776829E00F8892E /* CoreGraphics.framework */ = {isa = PBXFileReference; lastKnownFileType = wrapper.framework; name = CoreGraphics.framework; path = System/Library/Frameworks/CoreGraphics.framework; sourceTree = SDKROOT; };
		F45CC1621776829E00F8892E /* EmbraceTheChaos-Info.plist */ = {isa = PBXFileReference; lastKnownFileType = text.plist.xml; path = "EmbraceTheChaos-Info.plist"; sourceTree = "<group>"; };
		F45CC1641776829E00F8892E /* en */ = {isa = PBXFileReference; lastKnownFileType = text.plist.strings; name = en; path = en.lproj/InfoPlist.strings; sourceTree = "<group>"; };
		F45CC1661776829E00F8892E /* main.m */ = {isa = PBXFileReference; lastKnownFileType = sourcecode.c.objc; path = main.m; sourceTree = "<group>"; };
		F45CC1681776829E00F8892E /* EmbraceTheChaos-Prefix.pch */ = {isa = PBXFileReference; lastKnownFileType = sourcecode.c.h; path = "EmbraceTheChaos-Prefix.pch"; sourceTree = "<group>"; };
		F45CC1691776829E00F8892E /* AppDelegate.h */ = {isa = PBXFileReference; lastKnownFileType = sourcecode.c.h; path = AppDelegate.h; sourceTree = "<group>"; };
		F45CC16A1776829E00F8892E /* AppDelegate.m */ = {isa = PBXFileReference; lastKnownFileType = sourcecode.c.objc; path = AppDelegate.m; sourceTree = "<group>"; };
		F45CC1701776829E00F8892E /* en */ = {isa = PBXFileReference; lastKnownFileType = file.storyboard; name = en; path = en.lproj/MainStoryboard_iPad.storyboard; sourceTree = "<group>"; };
		F45CC1851776829E00F8892E /* EmbraceTheChaosTests.octest */ = {isa = PBXFileReference; explicitFileType = wrapper.cfbundle; includeInIndex = 0; path = EmbraceTheChaosTests.octest; sourceTree = BUILT_PRODUCTS_DIR; };
		F45CC1861776829F00F8892E /* SenTestingKit.framework */ = {isa = PBXFileReference; lastKnownFileType = wrapper.framework; name = SenTestingKit.framework; path = Library/Frameworks/SenTestingKit.framework; sourceTree = DEVELOPER_DIR; };
		F45CC18E1776829F00F8892E /* EmbraceTheChaosTests-Info.plist */ = {isa = PBXFileReference; lastKnownFileType = text.plist.xml; path = "EmbraceTheChaosTests-Info.plist"; sourceTree = "<group>"; };
		F45CC1901776829F00F8892E /* en */ = {isa = PBXFileReference; lastKnownFileType = text.plist.strings; name = en; path = en.lproj/InfoPlist.strings; sourceTree = "<group>"; };
		F45CC1921776829F00F8892E /* EmbraceTheChaosTests.h */ = {isa = PBXFileReference; lastKnownFileType = sourcecode.c.h; path = EmbraceTheChaosTests.h; sourceTree = "<group>"; };
		F45CC1931776829F00F8892E /* EmbraceTheChaosTests.m */ = {isa = PBXFileReference; lastKnownFileType = sourcecode.c.objc; path = EmbraceTheChaosTests.m; sourceTree = "<group>"; };
		F470E9B5178EF9F90045CB08 /* Index_Mdl.h */ = {isa = PBXFileReference; fileEncoding = 4; lastKnownFileType = sourcecode.c.h; path = Index_Mdl.h; sourceTree = "<group>"; };
		F470E9B6178EF9F90045CB08 /* Index_Mdl.m */ = {isa = PBXFileReference; fileEncoding = 4; lastKnownFileType = sourcecode.c.objc; path = Index_Mdl.m; sourceTree = "<group>"; };
		F470E9B9178EFB770045CB08 /* Index_Cntrl.h */ = {isa = PBXFileReference; fileEncoding = 4; lastKnownFileType = sourcecode.c.h; path = Index_Cntrl.h; sourceTree = "<group>"; };
		F470E9BA178EFB770045CB08 /* Index_Cntrl.m */ = {isa = PBXFileReference; fileEncoding = 4; lastKnownFileType = sourcecode.c.objc; path = Index_Cntrl.m; sourceTree = "<group>"; };
		F47BCFDC1778777200CD5949 /* DailyViewController.h */ = {isa = PBXFileReference; fileEncoding = 4; lastKnownFileType = sourcecode.c.h; path = DailyViewController.h; sourceTree = "<group>"; };
		F47BCFDD1778777200CD5949 /* DailyViewController.m */ = {isa = PBXFileReference; fileEncoding = 4; lastKnownFileType = sourcecode.c.objc; path = DailyViewController.m; sourceTree = "<group>"; };
		F47BCFDF1778779B00CD5949 /* IndexViewController.h */ = {isa = PBXFileReference; fileEncoding = 4; lastKnownFileType = sourcecode.c.h; path = IndexViewController.h; sourceTree = "<group>"; };
		F47BCFE01778779B00CD5949 /* IndexViewController.m */ = {isa = PBXFileReference; fileEncoding = 4; lastKnownFileType = sourcecode.c.objc; path = IndexViewController.m; sourceTree = "<group>"; };
		F47BCFE5177877C800CD5949 /* InfoViewController.h */ = {isa = PBXFileReference; fileEncoding = 4; lastKnownFileType = sourcecode.c.h; path = InfoViewController.h; sourceTree = "<group>"; };
		F47BCFE6177877C800CD5949 /* InfoViewController.m */ = {isa = PBXFileReference; fileEncoding = 4; lastKnownFileType = sourcecode.c.objc; path = InfoViewController.m; sourceTree = "<group>"; };
		F48E6B391780650C00B45DE8 /* DailyCoverView.h */ = {isa = PBXFileReference; fileEncoding = 4; lastKnownFileType = sourcecode.c.h; path = DailyCoverView.h; sourceTree = "<group>"; };
		F48E6B3A1780650C00B45DE8 /* DailyCoverView.m */ = {isa = PBXFileReference; fileEncoding = 4; lastKnownFileType = sourcecode.c.objc; path = DailyCoverView.m; sourceTree = "<group>"; };
		F4A8745E17768F38003F063E /* libsqlite3.dylib */ = {isa = PBXFileReference; lastKnownFileType = "compiled.mach-o.dylib"; name = libsqlite3.dylib; path = usr/lib/libsqlite3.dylib; sourceTree = SDKROOT; };
		F4A87466177692D4003F063E /* Favorite_Mdl.h */ = {isa = PBXFileReference; fileEncoding = 4; lastKnownFileType = sourcecode.c.h; path = Favorite_Mdl.h; sourceTree = "<group>"; };
		F4A87467177692D4003F063E /* Favorite_Mdl.m */ = {isa = PBXFileReference; fileEncoding = 4; lastKnownFileType = sourcecode.c.objc; path = Favorite_Mdl.m; sourceTree = "<group>"; };
		F4D95FFB177714070082A841 /* Favorite_Cntrl.h */ = {isa = PBXFileReference; fileEncoding = 4; lastKnownFileType = sourcecode.c.h; path = Favorite_Cntrl.h; sourceTree = "<group>"; };
		F4D95FFC177714070082A841 /* Favorite_Cntrl.m */ = {isa = PBXFileReference; fileEncoding = 4; lastKnownFileType = sourcecode.c.objc; path = Favorite_Cntrl.m; sourceTree = "<group>"; };
		F4FB6034178BC78100D5F3AF /* Daily_Cntrl.h */ = {isa = PBXFileReference; fileEncoding = 4; lastKnownFileType = sourcecode.c.h; path = Daily_Cntrl.h; sourceTree = "<group>"; };
		F4FB6035178BC78100D5F3AF /* Daily_Cntrl.m */ = {isa = PBXFileReference; fileEncoding = 4; lastKnownFileType = sourcecode.c.objc; path = Daily_Cntrl.m; sourceTree = "<group>"; };
		F4FB6037178BC86400D5F3AF /* Daily_Mdl.h */ = {isa = PBXFileReference; fileEncoding = 4; lastKnownFileType = sourcecode.c.h; path = Daily_Mdl.h; sourceTree = "<group>"; };
		F4FB6038178BC86400D5F3AF /* Daily_Mdl.m */ = {isa = PBXFileReference; fileEncoding = 4; lastKnownFileType = sourcecode.c.objc; path = Daily_Mdl.m; sourceTree = "<group>"; };
		F4FB603A178C251000D5F3AF /* CrudOps_Cntrl.h */ = {isa = PBXFileReference; fileEncoding = 4; lastKnownFileType = sourcecode.c.h; path = CrudOps_Cntrl.h; sourceTree = "<group>"; };
		F4FB603B178C251100D5F3AF /* CrudOps_Cntrl.m */ = {isa = PBXFileReference; fileEncoding = 4; lastKnownFileType = sourcecode.c.objc; path = CrudOps_Cntrl.m; sourceTree = "<group>"; };
/* End PBXFileReference section */

/* Begin PBXFrameworksBuildPhase section */
		F45CC1531776829E00F8892E /* Frameworks */ = {
			isa = PBXFrameworksBuildPhase;
			buildActionMask = 2147483647;
			files = (
				F458ABDC178DC50000874E53 /* Twitter.framework in Frameworks */,
				F4484BA8178D8BCD00BAC560 /* Accounts.framework in Frameworks */,
				F445D74817800A30006AEF30 /* OpenGLES.framework in Frameworks */,
				F445D74617800A23006AEF30 /* QuartzCore.framework in Frameworks */,
				F40BDE2E177B1A1C00428D57 /* MessageUI.framework in Frameworks */,
				F4A8745F17768F38003F063E /* libsqlite3.dylib in Frameworks */,
				F45CC15B1776829E00F8892E /* UIKit.framework in Frameworks */,
				F45CC15D1776829E00F8892E /* Foundation.framework in Frameworks */,
				F45CC15F1776829E00F8892E /* CoreGraphics.framework in Frameworks */,
				F4484BA6178D8B7D00BAC560 /* FacebookSDK.framework in Frameworks */,
			);
			runOnlyForDeploymentPostprocessing = 0;
		};
		F45CC1811776829E00F8892E /* Frameworks */ = {
			isa = PBXFrameworksBuildPhase;
			buildActionMask = 2147483647;
			files = (
				F45CC1871776829F00F8892E /* SenTestingKit.framework in Frameworks */,
				F45CC1881776829F00F8892E /* UIKit.framework in Frameworks */,
				F45CC1891776829F00F8892E /* Foundation.framework in Frameworks */,
			);
			runOnlyForDeploymentPostprocessing = 0;
		};
/* End PBXFrameworksBuildPhase section */

/* Begin PBXGroup section */
		DE0E2C3217B2AB7F00054C32 /* @2x */ = {
			isa = PBXGroup;
			children = (
				DE68092C17B6DFC400687DDA /* background4_320X480@2x.png */,
				DE68092D17B6DFC400687DDA /* background4_320X568@2x.png */,
				DE68093017B6DFC400687DDA /* background3_320X480@2x.png */,
				DE68093217B6DFC400687DDA /* background3_320X568@2x.png */,
				DE68093517B6DFC400687DDA /* background2_320X480@2x.png */,
				DE68093717B6DFC400687DDA /* background2_320X568@2x.png */,
				DE68093A17B6DFC400687DDA /* background1_320X480@2x.png */,
				DE68093B17B6DFC400687DDA /* background1_320X568@2x.png */,
				DE68093E17B6DFC400687DDA /* background1_768X1024@2x.png */,
				DE68093F17B6DFC400687DDA /* background2_768X1024@2x.png */,
				DE68094017B6DFC400687DDA /* background3_768X1024@2x.png */,
				DE68094117B6DFC400687DDA /* background4_768X1024@2x.png */,
			);
			name = "@2x";
			sourceTree = "<group>";
		};
		DE5C899917B6A07100A493E1 /* TabBar button */ = {
			isa = PBXGroup;
			children = (
				DE68092617B6B7ED00687DDA /* info.png */,
				DE68091E17B6B4BA00687DDA /* index.png */,
				DE68091917B6AE1C00687DDA /* Favorite.png */,
				DE68091617B6AC0500687DDA /* Daily.png */,
				DE5C899A17B6A08000A493E1 /* @2x */,
			);
			name = "TabBar button";
			sourceTree = "<group>";
		};
		DE5C899A17B6A08000A493E1 /* @2x */ = {
			isa = PBXGroup;
			children = (
				DE68092517B6B7ED00687DDA /* info@2x.png */,
				DE68091D17B6B4BA00687DDA /* Index@2x.png */,
				DE68091A17B6AE1C00687DDA /* Favorite@2x.png */,
				DE68091517B6AC0500687DDA /* Daily@2x.png */,
			);
			name = "@2x";
			sourceTree = "<group>";
		};
		DE68092917B6DF9000687DDA /* background */ = {
			isa = PBXGroup;
			children = (
				DE68092A17B6DFC400687DDA /* background4_320X568.png */,
				DE68092B17B6DFC400687DDA /* background4_320X480.png */,
				DE68092E17B6DFC400687DDA /* background4_768X1024.png */,
				DE68092F17B6DFC400687DDA /* background3_320X480.png */,
				DE68093117B6DFC400687DDA /* background3_320X568.png */,
				DE68093317B6DFC400687DDA /* background3_768X1024.png */,
				DE68093417B6DFC400687DDA /* background2_320X480.png */,
				DE68093617B6DFC400687DDA /* background2_320X568.png */,
				DE68093817B6DFC400687DDA /* background2_768X1024.png */,
				DE68093917B6DFC400687DDA /* background1_320X480.png */,
				DE68093C17B6DFC400687DDA /* background1_320X568.png */,
				DE68093D17B6DFC400687DDA /* background1_768X1024.png */,
				DE0E2C3217B2AB7F00054C32 /* @2x */,
			);
			name = background;
			sourceTree = "<group>";
		};
		DE68095A17B7518600687DDA /* buttons */ = {
			isa = PBXGroup;
			children = (
				DE6809A617B7AFBE00687DDA /* btnDelete_40.png */,
				DE6809A717B7AFBE00687DDA /* btnDelete_60.png */,
				DE6809AA17B7AFBE00687DDA /* btnDetail_40.png */,
				DE6809AB17B7AFBE00687DDA /* btnDetail_60.png */,
				DE6809A417B7A61600687DDA /* btnTwitter_40.png */,
				DE68098E17B7A42700687DDA /* btnEmail_60.png */,
				DE68098F17B7A42700687DDA /* btnEmail_40.png */,
				DE68099117B7A42700687DDA /* btnTwitter_60.png */,
				DE68099417B7A42700687DDA /* btnFacebook_40.png */,
				DE68099517B7A42700687DDA /* btnFacebook_60.png */,
				DE68098417B7937500687DDA /* btnNext_40.png */,
				DE68098517B7937500687DDA /* btnNext_60.png */,
				DE68097C17B78EB100687DDA /* btnShare_40.png */,
				DE68097D17B78EB100687DDA /* btnShare_60.png */,
				DE68097417B77B9A00687DDA /* btnSave_40.png */,
				DE68097517B77B9A00687DDA /* btnSave_60.png */,
				DE68097017B76F0300687DDA /* btnFavoriteAdd_40.png */,
				DE68096D17B76DAC00687DDA /* btnFavoriteAdd_60.png */,
				DE68096417B754CD00687DDA /* btnMore_60.png */,
				DE68096517B754CD00687DDA /* btnMore_100.png */,
				DE68095B17B7519700687DDA /* @2x */,
			);
			name = buttons;
			sourceTree = "<group>";
		};
		DE68095B17B7519700687DDA /* @2x */ = {
			isa = PBXGroup;
			children = (
				DE6809A817B7AFBE00687DDA /* btnDelete_40@2x.png */,
				DE6809A917B7AFBE00687DDA /* btnDelete_60@2x.png */,
				DE6809AC17B7AFBE00687DDA /* btnDetail_40@2x.png */,
				DE6809AD17B7AFBE00687DDA /* btnDetail_60@2x.png */,
				DE68098C17B7A42700687DDA /* btnEmail_60@2x.png */,
				DE68098D17B7A42700687DDA /* btnEmail_40@2x.png */,
				DE68099217B7A42700687DDA /* btnTwitter_40@2x.png */,
				DE68099317B7A42700687DDA /* btnTwitter_60@2x.png */,
				DE68099617B7A42700687DDA /* btnFacebook_40@2x.png */,
				DE68099717B7A42700687DDA /* btnFacebook_60@2x.png */,
				DE68098617B7937500687DDA /* btnNext_80@2x.png */,
				DE68098717B7937500687DDA /* btnNext_120@2x.png */,
				DE68097E17B78EB100687DDA /* btnShare_80@2x.png */,
				DE68097F17B78EB100687DDA /* btnShare_120@2x.png */,
				DE68097617B77B9A00687DDA /* btnSave_40@2x.png */,
				DE68097717B77B9A00687DDA /* btnSave_60@2x.png */,
				DE68097117B76F0300687DDA /* btnFavoriteAdd_40@2x.png */,
				DE68096C17B76DAC00687DDA /* btnFavoriteAdd_60@2x.png */,
				DE68096617B754CD00687DDA /* btnMore_60@2x.png */,
				DE68096717B754CD00687DDA /* btnMore_100@2x.png */,
			);
			name = "@2x";
			sourceTree = "<group>";
		};
		F45CC14B1776829D00F8892E = {
			isa = PBXGroup;
			children = (
				DE6809C817B7C59200687DDA /* Default-Portrait@2x~ipad.png */,
				DE6809C617B7C58B00687DDA /* Default-Portrait~ipad.png */,
				DE6809C417B7C56400687DDA /* Default-568h@2x.png */,
				DE6809C217B7C54E00687DDA /* Default@2x.png */,
				DE6809C017B7C51F00687DDA /* Default.png */,
				DE0C0D9C17ABA8AB0066C636 /* YellowSample3.png */,
				F45CC1601776829E00F8892E /* EmbraceTheChaos */,
				F45CC18C1776829F00F8892E /* EmbraceTheChaosTests */,
				F45CC1591776829E00F8892E /* Frameworks */,
				F45CC1571776829E00F8892E /* Products */,
			);
			sourceTree = "<group>";
		};
		F45CC1571776829E00F8892E /* Products */ = {
			isa = PBXGroup;
			children = (
				F45CC1561776829E00F8892E /* EmbraceTheChaos.app */,
				F45CC1851776829E00F8892E /* EmbraceTheChaosTests.octest */,
			);
			name = Products;
			sourceTree = "<group>";
		};
		F45CC1591776829E00F8892E /* Frameworks */ = {
			isa = PBXGroup;
			children = (
				F4484BA7178D8BCD00BAC560 /* Accounts.framework */,
				F458ABDB178DC50000874E53 /* Twitter.framework */,
				F4484BA5178D8B7D00BAC560 /* FacebookSDK.framework */,
				F445D74517800A23006AEF30 /* QuartzCore.framework */,
				F445D74717800A30006AEF30 /* OpenGLES.framework */,
				F40BDE2D177B1A1C00428D57 /* MessageUI.framework */,
				F4A8745E17768F38003F063E /* libsqlite3.dylib */,
				F45CC15A1776829E00F8892E /* UIKit.framework */,
				F45CC15C1776829E00F8892E /* Foundation.framework */,
				F45CC15E1776829E00F8892E /* CoreGraphics.framework */,
				F45CC1861776829F00F8892E /* SenTestingKit.framework */,
			);
			name = Frameworks;
			sourceTree = "<group>";
		};
		F45CC1601776829E00F8892E /* EmbraceTheChaos */ = {
			isa = PBXGroup;
			children = (
				F47BCFDB177876CF00CD5949 /* images */,
				F4A874651776924F003F063E /* Controllers */,
				F4A874641776923B003F063E /* Model */,
				F4A874631776921A003F063E /* Views */,
				F45CC1691776829E00F8892E /* AppDelegate.h */,
				F45CC16A1776829E00F8892E /* AppDelegate.m */,
				F43AF73217801E160025F389 /* MainStoryboard_iPhone.storyboard */,
				F45CC16F1776829E00F8892E /* MainStoryboard_iPad.storyboard */,
				F45CC1611776829E00F8892E /* Supporting Files */,
				DE4A8C5D17AD612500C06D21 /* WebserviceCall.h */,
				DE4A8C5E17AD612500C06D21 /* WebserviceCall.m */,
			);
			path = EmbraceTheChaos;
			sourceTree = "<group>";
		};
		F45CC1611776829E00F8892E /* Supporting Files */ = {
			isa = PBXGroup;
			children = (
				DE41A55417B105A60046C73E /* embrace_the_chaos.sqlite3 */,
				F45CC1621776829E00F8892E /* EmbraceTheChaos-Info.plist */,
				F45CC1631776829E00F8892E /* InfoPlist.strings */,
				F45CC1661776829E00F8892E /* main.m */,
				F45CC1681776829E00F8892E /* EmbraceTheChaos-Prefix.pch */,
			);
			name = "Supporting Files";
			sourceTree = "<group>";
		};
		F45CC18C1776829F00F8892E /* EmbraceTheChaosTests */ = {
			isa = PBXGroup;
			children = (
				F45CC1921776829F00F8892E /* EmbraceTheChaosTests.h */,
				F45CC1931776829F00F8892E /* EmbraceTheChaosTests.m */,
				F45CC18D1776829F00F8892E /* Supporting Files */,
			);
			path = EmbraceTheChaosTests;
			sourceTree = "<group>";
		};
		F45CC18D1776829F00F8892E /* Supporting Files */ = {
			isa = PBXGroup;
			children = (
				F45CC18E1776829F00F8892E /* EmbraceTheChaosTests-Info.plist */,
				F45CC18F1776829F00F8892E /* InfoPlist.strings */,
			);
			name = "Supporting Files";
			sourceTree = "<group>";
		};
		F47BCFDB177876CF00CD5949 /* images */ = {
			isa = PBXGroup;
			children = (
				DE68095A17B7518600687DDA /* buttons */,
				DE68092917B6DF9000687DDA /* background */,
				DE5C899917B6A07100A493E1 /* TabBar button */,
				DE41A55017B1011C0046C73E /* A.png */,
				DEF2C66E17ABACCA00334706 /* YellowSample3@2x.png */,
				DE0C0D9917ABA88A0066C636 /* YellowSample3.png */,
				DEB1C28D17AA7B910083C9F5 /* Yellow_300x55.png */,
			);
			name = images;
			sourceTree = "<group>";
		};
		F4A874631776921A003F063E /* Views */ = {
			isa = PBXGroup;
			children = (
				F47BCFDC1778777200CD5949 /* DailyViewController.h */,
				F47BCFDD1778777200CD5949 /* DailyViewController.m */,
				F47BCFDF1778779B00CD5949 /* IndexViewController.h */,
				F47BCFE01778779B00CD5949 /* IndexViewController.m */,
				DEBE190917B5268D001BCC52 /* FavTableCell.h */,
				DEBE190A17B5268D001BCC52 /* FavTableCell.m */,
				DEBE190C17B52760001BCC52 /* FavTableViewController.h */,
				DEBE190D17B52760001BCC52 /* FavTableViewController.m */,
				F47BCFE5177877C800CD5949 /* InfoViewController.h */,
				F47BCFE6177877C800CD5949 /* InfoViewController.m */,
				F40BDE2F177B21F500428D57 /* WebsiteViewController.h */,
				F40BDE30177B21F500428D57 /* WebsiteViewController.m */,
				F445D73E17800926006AEF30 /* FlowCoverView.h */,
				F445D73F17800926006AEF30 /* FlowCoverView.m */,
				F48E6B391780650C00B45DE8 /* DailyCoverView.h */,
				F48E6B3A1780650C00B45DE8 /* DailyCoverView.m */,
				F4484BA9178D926100BAC560 /* ShareViewController.h */,
				F4484BAA178D926100BAC560 /* ShareViewController.m */,
			);
			name = Views;
			sourceTree = "<group>";
		};
		F4A874641776923B003F063E /* Model */ = {
			isa = PBXGroup;
			children = (
				F4A87466177692D4003F063E /* Favorite_Mdl.h */,
				F4A87467177692D4003F063E /* Favorite_Mdl.m */,
				F40BDE26177A97FF00428D57 /* Info_Mdl.h */,
				F40BDE27177A97FF00428D57 /* Info_Mdl.m */,
				F4FB6037178BC86400D5F3AF /* Daily_Mdl.h */,
				F4FB6038178BC86400D5F3AF /* Daily_Mdl.m */,
				F4484BAC178D937200BAC560 /* Share_Mdl.h */,
				F4484BAD178D937200BAC560 /* Share_Mdl.m */,
				F470E9B5178EF9F90045CB08 /* Index_Mdl.h */,
				F470E9B6178EF9F90045CB08 /* Index_Mdl.m */,
				F44A56181791ADC6002D75F4 /* DailyQuoteVal.h */,
				F44A56191791ADC6002D75F4 /* DailyQuoteVal.m */,
				DE4A8C6017AD69CB00C06D21 /* NewQuoteVals.h */,
				DE4A8C6117AD69CB00C06D21 /* NewQuoteVals.m */,
			);
			name = Model;
			sourceTree = "<group>";
		};
		F4A874651776924F003F063E /* Controllers */ = {
			isa = PBXGroup;
			children = (
				F4D95FFB177714070082A841 /* Favorite_Cntrl.h */,
				F4D95FFC177714070082A841 /* Favorite_Cntrl.m */,
				F40BDE2A177A984A00428D57 /* Info_Cntrl.h */,
				F40BDE2B177A984A00428D57 /* Info_Cntrl.m */,
				F445D7421780098E006AEF30 /* DataCache.h */,
				F445D7431780098E006AEF30 /* DataCache.m */,
				F44717B217807FF7004BA19C /* DailyDataCache.h */,
				F44717B317807FF7004BA19C /* DailyDataCache.m */,
				F4FB6034178BC78100D5F3AF /* Daily_Cntrl.h */,
				F4FB6035178BC78100D5F3AF /* Daily_Cntrl.m */,
				DE91C25B17AFD6D2006BE08B /* SaveNewQuotes.h */,
				DE91C25C17AFD6D2006BE08B /* SaveNewQuotes.m */,
				F4FB603A178C251000D5F3AF /* CrudOps_Cntrl.h */,
				F4FB603B178C251100D5F3AF /* CrudOps_Cntrl.m */,
				F4484BAF178D938D00BAC560 /* Share_Cntrl.h */,
				F4484BB0178D938E00BAC560 /* Share_Cntrl.m */,
				F470E9B9178EFB770045CB08 /* Index_Cntrl.h */,
				F470E9BA178EFB770045CB08 /* Index_Cntrl.m */,
			);
			name = Controllers;
			sourceTree = "<group>";
		};
/* End PBXGroup section */

/* Begin PBXNativeTarget section */
		F45CC1551776829E00F8892E /* EmbraceTheChaos */ = {
			isa = PBXNativeTarget;
			buildConfigurationList = F45CC1971776829F00F8892E /* Build configuration list for PBXNativeTarget "EmbraceTheChaos" */;
			buildPhases = (
				F45CC1521776829E00F8892E /* Sources */,
				F45CC1531776829E00F8892E /* Frameworks */,
				F45CC1541776829E00F8892E /* Resources */,
			);
			buildRules = (
			);
			dependencies = (
			);
			name = EmbraceTheChaos;
			productName = EmbraceTheChaos;
			productReference = F45CC1561776829E00F8892E /* EmbraceTheChaos.app */;
			productType = "com.apple.product-type.application";
		};
		F45CC1841776829E00F8892E /* EmbraceTheChaosTests */ = {
			isa = PBXNativeTarget;
			buildConfigurationList = F45CC19A1776829F00F8892E /* Build configuration list for PBXNativeTarget "EmbraceTheChaosTests" */;
			buildPhases = (
				F45CC1801776829E00F8892E /* Sources */,
				F45CC1811776829E00F8892E /* Frameworks */,
				F45CC1821776829E00F8892E /* Resources */,
				F45CC1831776829E00F8892E /* ShellScript */,
			);
			buildRules = (
			);
			dependencies = (
				F45CC18B1776829F00F8892E /* PBXTargetDependency */,
			);
			name = EmbraceTheChaosTests;
			productName = EmbraceTheChaosTests;
			productReference = F45CC1851776829E00F8892E /* EmbraceTheChaosTests.octest */;
			productType = "com.apple.product-type.bundle";
		};
/* End PBXNativeTarget section */

/* Begin PBXProject section */
		F45CC14D1776829D00F8892E /* Project object */ = {
			isa = PBXProject;
			attributes = {
				LastUpgradeCheck = 0420;
				ORGANIZATIONNAME = "Limning Labs";
			};
			buildConfigurationList = F45CC1501776829D00F8892E /* Build configuration list for PBXProject "EmbraceTheChaos" */;
			compatibilityVersion = "Xcode 3.2";
			developmentRegion = English;
			hasScannedForEncodings = 0;
			knownRegions = (
				en,
				he,
			);
			mainGroup = F45CC14B1776829D00F8892E;
			productRefGroup = F45CC1571776829E00F8892E /* Products */;
			projectDirPath = "";
			projectRoot = "";
			targets = (
				F45CC1551776829E00F8892E /* EmbraceTheChaos */,
				F45CC1841776829E00F8892E /* EmbraceTheChaosTests */,
			);
		};
/* End PBXProject section */

/* Begin PBXResourcesBuildPhase section */
		F45CC1541776829E00F8892E /* Resources */ = {
			isa = PBXResourcesBuildPhase;
			buildActionMask = 2147483647;
			files = (
				F45CC1651776829E00F8892E /* InfoPlist.strings in Resources */,
				F45CC1711776829E00F8892E /* MainStoryboard_iPad.storyboard in Resources */,
				F43AF73317801E160025F389 /* MainStoryboard_iPhone.storyboard in Resources */,
				DEB1C28E17AA7B920083C9F5 /* Yellow_300x55.png in Resources */,
				DE0C0D9B17ABA88A0066C636 /* YellowSample3.png in Resources */,
				DE0C0D9D17ABA8AB0066C636 /* YellowSample3.png in Resources */,
				DEF2C67217ABACCA00334706 /* YellowSample3@2x.png in Resources */,
				DE41A55117B1011C0046C73E /* A.png in Resources */,
				DE41A55517B105A60046C73E /* embrace_the_chaos.sqlite3 in Resources */,
				DE68091717B6AC0500687DDA /* Daily@2x.png in Resources */,
				DE68091817B6AC0500687DDA /* Daily.png in Resources */,
				DE68091B17B6AE1C00687DDA /* Favorite.png in Resources */,
				DE68091C17B6AE1C00687DDA /* Favorite@2x.png in Resources */,
				DE68091F17B6B4BA00687DDA /* Index@2x.png in Resources */,
				DE68092017B6B4BA00687DDA /* index.png in Resources */,
				DE68092717B6B7ED00687DDA /* info@2x.png in Resources */,
				DE68092817B6B7ED00687DDA /* info.png in Resources */,
				DE68094217B6DFC400687DDA /* background4_320X568.png in Resources */,
				DE68094317B6DFC400687DDA /* background4_320X480.png in Resources */,
				DE68094417B6DFC400687DDA /* background4_320X480@2x.png in Resources */,
				DE68094517B6DFC400687DDA /* background4_320X568@2x.png in Resources */,
				DE68094617B6DFC400687DDA /* background4_768X1024.png in Resources */,
				DE68094717B6DFC400687DDA /* background3_320X480.png in Resources */,
				DE68094817B6DFC400687DDA /* background3_320X480@2x.png in Resources */,
				DE68094917B6DFC400687DDA /* background3_320X568.png in Resources */,
				DE68094A17B6DFC400687DDA /* background3_320X568@2x.png in Resources */,
				DE68094B17B6DFC400687DDA /* background3_768X1024.png in Resources */,
				DE68094C17B6DFC400687DDA /* background2_320X480.png in Resources */,
				DE68094D17B6DFC400687DDA /* background2_320X480@2x.png in Resources */,
				DE68094E17B6DFC400687DDA /* background2_320X568.png in Resources */,
				DE68094F17B6DFC400687DDA /* background2_320X568@2x.png in Resources */,
				DE68095017B6DFC400687DDA /* background2_768X1024.png in Resources */,
				DE68095117B6DFC400687DDA /* background1_320X480.png in Resources */,
				DE68095217B6DFC400687DDA /* background1_320X480@2x.png in Resources */,
				DE68095317B6DFC400687DDA /* background1_320X568@2x.png in Resources */,
				DE68095417B6DFC400687DDA /* background1_320X568.png in Resources */,
				DE68095517B6DFC400687DDA /* background1_768X1024.png in Resources */,
				DE68095617B6DFC400687DDA /* background1_768X1024@2x.png in Resources */,
				DE68095717B6DFC400687DDA /* background2_768X1024@2x.png in Resources */,
				DE68095817B6DFC400687DDA /* background3_768X1024@2x.png in Resources */,
				DE68095917B6DFC400687DDA /* background4_768X1024@2x.png in Resources */,
				DE68096817B754CD00687DDA /* btnMore_60.png in Resources */,
				DE68096917B754CD00687DDA /* btnMore_100.png in Resources */,
				DE68096A17B754CD00687DDA /* btnMore_60@2x.png in Resources */,
				DE68096B17B754CD00687DDA /* btnMore_100@2x.png in Resources */,
				DE68096E17B76DAC00687DDA /* btnFavoriteAdd_60@2x.png in Resources */,
				DE68096F17B76DAC00687DDA /* btnFavoriteAdd_60.png in Resources */,
				DE68097217B76F0300687DDA /* btnFavoriteAdd_40.png in Resources */,
				DE68097317B76F0300687DDA /* btnFavoriteAdd_40@2x.png in Resources */,
				DE68097817B77B9A00687DDA /* btnSave_40.png in Resources */,
				DE68097917B77B9A00687DDA /* btnSave_60.png in Resources */,
				DE68097A17B77B9A00687DDA /* btnSave_40@2x.png in Resources */,
				DE68097B17B77B9A00687DDA /* btnSave_60@2x.png in Resources */,
				DE68098017B78EB100687DDA /* btnShare_40.png in Resources */,
				DE68098117B78EB100687DDA /* btnShare_60.png in Resources */,
				DE68098217B78EB100687DDA /* btnShare_80@2x.png in Resources */,
				DE68098317B78EB100687DDA /* btnShare_120@2x.png in Resources */,
				DE68098817B7937500687DDA /* btnNext_40.png in Resources */,
				DE68098917B7937500687DDA /* btnNext_60.png in Resources */,
				DE68098A17B7937500687DDA /* btnNext_80@2x.png in Resources */,
				DE68098B17B7937500687DDA /* btnNext_120@2x.png in Resources */,
				DE68099817B7A42700687DDA /* btnEmail_60@2x.png in Resources */,
				DE68099917B7A42700687DDA /* btnEmail_40@2x.png in Resources */,
				DE68099A17B7A42700687DDA /* btnEmail_60.png in Resources */,
				DE68099B17B7A42700687DDA /* btnEmail_40.png in Resources */,
				DE68099D17B7A42700687DDA /* btnTwitter_60.png in Resources */,
				DE68099E17B7A42700687DDA /* btnTwitter_40@2x.png in Resources */,
				DE68099F17B7A42700687DDA /* btnTwitter_60@2x.png in Resources */,
				DE6809A017B7A42700687DDA /* btnFacebook_40.png in Resources */,
				DE6809A117B7A42700687DDA /* btnFacebook_60.png in Resources */,
				DE6809A217B7A42700687DDA /* btnFacebook_40@2x.png in Resources */,
				DE6809A317B7A42700687DDA /* btnFacebook_60@2x.png in Resources */,
				DE6809A517B7A61600687DDA /* btnTwitter_40.png in Resources */,
				DE6809AE17B7AFBE00687DDA /* btnDelete_40.png in Resources */,
				DE6809AF17B7AFBE00687DDA /* btnDelete_60.png in Resources */,
				DE6809B017B7AFBE00687DDA /* btnDelete_40@2x.png in Resources */,
				DE6809B117B7AFBE00687DDA /* btnDelete_60@2x.png in Resources */,
				DE6809B217B7AFBE00687DDA /* btnDetail_40.png in Resources */,
				DE6809B317B7AFBE00687DDA /* btnDetail_60.png in Resources */,
				DE6809B417B7AFBE00687DDA /* btnDetail_40@2x.png in Resources */,
				DE6809B517B7AFBE00687DDA /* btnDetail_60@2x.png in Resources */,
				DE6809C117B7C51F00687DDA /* Default.png in Resources */,
				DE6809C317B7C54E00687DDA /* Default@2x.png in Resources */,
				DE6809C517B7C56400687DDA /* Default-568h@2x.png in Resources */,
				DE6809C717B7C58B00687DDA /* Default-Portrait~ipad.png in Resources */,
				DE6809C917B7C59200687DDA /* Default-Portrait@2x~ipad.png in Resources */,
			);
			runOnlyForDeploymentPostprocessing = 0;
		};
		F45CC1821776829E00F8892E /* Resources */ = {
			isa = PBXResourcesBuildPhase;
			buildActionMask = 2147483647;
			files = (
				F45CC1911776829F00F8892E /* InfoPlist.strings in Resources */,
			);
			runOnlyForDeploymentPostprocessing = 0;
		};
/* End PBXResourcesBuildPhase section */

/* Begin PBXShellScriptBuildPhase section */
		F45CC1831776829E00F8892E /* ShellScript */ = {
			isa = PBXShellScriptBuildPhase;
			buildActionMask = 2147483647;
			files = (
			);
			inputPaths = (
			);
			outputPaths = (
			);
			runOnlyForDeploymentPostprocessing = 0;
			shellPath = /bin/sh;
			shellScript = "# Run the unit tests in this test bundle.\n\"${SYSTEM_DEVELOPER_DIR}/Tools/RunUnitTests\"\n";
		};
/* End PBXShellScriptBuildPhase section */

/* Begin PBXSourcesBuildPhase section */
		F45CC1521776829E00F8892E /* Sources */ = {
			isa = PBXSourcesBuildPhase;
			buildActionMask = 2147483647;
			files = (
				F45CC1671776829E00F8892E /* main.m in Sources */,
				F45CC16B1776829E00F8892E /* AppDelegate.m in Sources */,
				F4A87468177692D4003F063E /* Favorite_Mdl.m in Sources */,
				F4D95FFD177714070082A841 /* Favorite_Cntrl.m in Sources */,
				F47BCFDE1778777200CD5949 /* DailyViewController.m in Sources */,
				F47BCFE11778779B00CD5949 /* IndexViewController.m in Sources */,
				F47BCFE7177877C900CD5949 /* InfoViewController.m in Sources */,
				F40BDE28177A97FF00428D57 /* Info_Mdl.m in Sources */,
				F40BDE2C177A984A00428D57 /* Info_Cntrl.m in Sources */,
				F40BDE31177B21F500428D57 /* WebsiteViewController.m in Sources */,
				F445D74017800926006AEF30 /* FlowCoverView.m in Sources */,
				F445D7441780098E006AEF30 /* DataCache.m in Sources */,
				F48E6B3B1780650C00B45DE8 /* DailyCoverView.m in Sources */,
				F44717B417807FF7004BA19C /* DailyDataCache.m in Sources */,
				F4FB6036178BC78100D5F3AF /* Daily_Cntrl.m in Sources */,
				F4FB6039178BC86400D5F3AF /* Daily_Mdl.m in Sources */,
				F4FB603C178C251200D5F3AF /* CrudOps_Cntrl.m in Sources */,
				F4484BAB178D926200BAC560 /* ShareViewController.m in Sources */,
				F4484BAE178D937200BAC560 /* Share_Mdl.m in Sources */,
				F4484BB1178D938E00BAC560 /* Share_Cntrl.m in Sources */,
				F470E9B7178EF9F90045CB08 /* Index_Mdl.m in Sources */,
				F470E9BB178EFB770045CB08 /* Index_Cntrl.m in Sources */,
				F44A561A1791ADC6002D75F4 /* DailyQuoteVal.m in Sources */,
				DE4A8C5F17AD612500C06D21 /* WebserviceCall.m in Sources */,
				DE4A8C6217AD69CB00C06D21 /* NewQuoteVals.m in Sources */,
				DE91C25D17AFD6D2006BE08B /* SaveNewQuotes.m in Sources */,
				DEBE190B17B5268D001BCC52 /* FavTableCell.m in Sources */,
				DEBE190E17B52760001BCC52 /* FavTableViewController.m in Sources */,
			);
			runOnlyForDeploymentPostprocessing = 0;
		};
		F45CC1801776829E00F8892E /* Sources */ = {
			isa = PBXSourcesBuildPhase;
			buildActionMask = 2147483647;
			files = (
				F45CC1941776829F00F8892E /* EmbraceTheChaosTests.m in Sources */,
			);
			runOnlyForDeploymentPostprocessing = 0;
		};
/* End PBXSourcesBuildPhase section */

/* Begin PBXTargetDependency section */
		F45CC18B1776829F00F8892E /* PBXTargetDependency */ = {
			isa = PBXTargetDependency;
			target = F45CC1551776829E00F8892E /* EmbraceTheChaos */;
			targetProxy = F45CC18A1776829F00F8892E /* PBXContainerItemProxy */;
		};
/* End PBXTargetDependency section */

/* Begin PBXVariantGroup section */
		F45CC1631776829E00F8892E /* InfoPlist.strings */ = {
			isa = PBXVariantGroup;
			children = (
				F45CC1641776829E00F8892E /* en */,
			);
			name = InfoPlist.strings;
			sourceTree = "<group>";
		};
		F45CC16F1776829E00F8892E /* MainStoryboard_iPad.storyboard */ = {
			isa = PBXVariantGroup;
			children = (
				F45CC1701776829E00F8892E /* en */,
			);
			name = MainStoryboard_iPad.storyboard;
			sourceTree = "<group>";
		};
		F45CC18F1776829F00F8892E /* InfoPlist.strings */ = {
			isa = PBXVariantGroup;
			children = (
				F45CC1901776829F00F8892E /* en */,
			);
			name = InfoPlist.strings;
			sourceTree = "<group>";
		};
/* End PBXVariantGroup section */

/* Begin XCBuildConfiguration section */
		DE9C6C3617A9672100A3A854 /* Ad Hoc Distribution */ = {
			isa = XCBuildConfiguration;
			buildSettings = {
				ALWAYS_SEARCH_USER_PATHS = NO;
				ARCHS = "$(ARCHS_STANDARD_32_BIT)";
				CLANG_ENABLE_OBJC_ARC = YES;
				CODE_SIGN_IDENTITY = "iPhone Distribution: Kazima Shamji (M9JVBFZEU9)";
				"CODE_SIGN_IDENTITY[sdk=iphoneos*]" = "iPhone Distribution: Kazima Shamji (M9JVBFZEU9)";
				COPY_PHASE_STRIP = NO;
				GCC_C_LANGUAGE_STANDARD = gnu99;
				GCC_VERSION = com.apple.compilers.llvm.clang.1_0;
				GCC_WARN_ABOUT_MISSING_PROTOTYPES = YES;
				GCC_WARN_ABOUT_RETURN_TYPE = YES;
				GCC_WARN_UNUSED_VARIABLE = YES;
				IPHONEOS_DEPLOYMENT_TARGET = 5.0;
				ONLY_ACTIVE_ARCH = YES;
				OTHER_CFLAGS = "-DNS_BLOCK_ASSERTIONS=1";
				PROVISIONING_PROFILE = "E8B37E5D-3D0F-42F6-BA4D-52FE9B56ABD4";
				"PROVISIONING_PROFILE[sdk=iphoneos*]" = "E8B37E5D-3D0F-42F6-BA4D-52FE9B56ABD4";
				SDKROOT = iphoneos;
				TARGETED_DEVICE_FAMILY = "1,2";
				VALIDATE_PRODUCT = YES;
			};
			name = "Ad Hoc Distribution";
		};
		DE9C6C3717A9672100A3A854 /* Ad Hoc Distribution */ = {
			isa = XCBuildConfiguration;
			buildSettings = {
				CODE_SIGN_IDENTITY = "iPhone Distribution: Kazima Shamji (M9JVBFZEU9)";
				"CODE_SIGN_IDENTITY[sdk=*]" = "iPhone Distribution: Kazima Shamji (M9JVBFZEU9)";
				FRAMEWORK_SEARCH_PATHS = (
					"$(inherited)",
					"\"$(SRCROOT)\"",
				);
				GCC_PRECOMPILE_PREFIX_HEADER = YES;
				GCC_PREFIX_HEADER = "EmbraceTheChaos/EmbraceTheChaos-Prefix.pch";
				INFOPLIST_FILE = "EmbraceTheChaos/EmbraceTheChaos-Info.plist";
				ONLY_ACTIVE_ARCH = YES;
				OTHER_LDFLAGS = "-lsqlite3.0";
				PRODUCT_NAME = "$(TARGET_NAME)";
				PROVISIONING_PROFILE = "E8B37E5D-3D0F-42F6-BA4D-52FE9B56ABD4";
				"PROVISIONING_PROFILE[sdk=*]" = "E8B37E5D-3D0F-42F6-BA4D-52FE9B56ABD4";
				TARGETED_DEVICE_FAMILY = "1,2";
				WRAPPER_EXTENSION = app;
			};
			name = "Ad Hoc Distribution";
		};
		DE9C6C3817A9672100A3A854 /* Ad Hoc Distribution */ = {
			isa = XCBuildConfiguration;
			buildSettings = {
				BUNDLE_LOADER = "$(BUILT_PRODUCTS_DIR)/EmbraceTheChaos.app/EmbraceTheChaos";
				FRAMEWORK_SEARCH_PATHS = (
					"$(SDKROOT)/Developer/Library/Frameworks",
					"$(DEVELOPER_LIBRARY_DIR)/Frameworks",
				);
				GCC_PRECOMPILE_PREFIX_HEADER = YES;
				GCC_PREFIX_HEADER = "EmbraceTheChaos/EmbraceTheChaos-Prefix.pch";
				INFOPLIST_FILE = "EmbraceTheChaosTests/EmbraceTheChaosTests-Info.plist";
				PRODUCT_NAME = "$(TARGET_NAME)";
				TEST_HOST = "$(BUNDLE_LOADER)";
				WRAPPER_EXTENSION = octest;
			};
			name = "Ad Hoc Distribution";
		};
		F45CC1951776829F00F8892E /* Debug */ = {
			isa = XCBuildConfiguration;
			buildSettings = {
				ALWAYS_SEARCH_USER_PATHS = NO;
				ARCHS = "$(ARCHS_STANDARD_32_BIT)";
				CLANG_ENABLE_OBJC_ARC = YES;
				CODE_SIGN_IDENTITY = "iPhone Distribution: Kazima Shamji (M9JVBFZEU9)";
				"CODE_SIGN_IDENTITY[sdk=iphoneos*]" = "iPhone Distribution: Kazima Shamji (M9JVBFZEU9)";
				COPY_PHASE_STRIP = NO;
				GCC_C_LANGUAGE_STANDARD = gnu99;
				GCC_DYNAMIC_NO_PIC = NO;
				GCC_OPTIMIZATION_LEVEL = 0;
				GCC_PREPROCESSOR_DEFINITIONS = (
					"DEBUG=1",
					"$(inherited)",
				);
				GCC_SYMBOLS_PRIVATE_EXTERN = NO;
				GCC_VERSION = com.apple.compilers.llvm.clang.1_0;
				GCC_WARN_ABOUT_MISSING_PROTOTYPES = YES;
				GCC_WARN_ABOUT_RETURN_TYPE = YES;
				GCC_WARN_UNUSED_VARIABLE = YES;
				IPHONEOS_DEPLOYMENT_TARGET = 5.0;
				ONLY_ACTIVE_ARCH = YES;
				PROVISIONING_PROFILE = "E8B37E5D-3D0F-42F6-BA4D-52FE9B56ABD4";
				"PROVISIONING_PROFILE[sdk=iphoneos*]" = "E8B37E5D-3D0F-42F6-BA4D-52FE9B56ABD4";
				SDKROOT = iphoneos;
				TARGETED_DEVICE_FAMILY = "1,2";
			};
			name = Debug;
		};
		F45CC1961776829F00F8892E /* Release */ = {
			isa = XCBuildConfiguration;
			buildSettings = {
				ALWAYS_SEARCH_USER_PATHS = NO;
				ARCHS = "$(ARCHS_STANDARD_32_BIT)";
				CLANG_ENABLE_OBJC_ARC = YES;
				CODE_SIGN_IDENTITY = "iPhone Distribution: Kazima Shamji (M9JVBFZEU9)";
				"CODE_SIGN_IDENTITY[sdk=iphoneos*]" = "iPhone Distribution: Kazima Shamji (M9JVBFZEU9)";
				COPY_PHASE_STRIP = YES;
				GCC_C_LANGUAGE_STANDARD = gnu99;
				GCC_VERSION = com.apple.compilers.llvm.clang.1_0;
				GCC_WARN_ABOUT_MISSING_PROTOTYPES = YES;
				GCC_WARN_ABOUT_RETURN_TYPE = YES;
				GCC_WARN_UNUSED_VARIABLE = YES;
				IPHONEOS_DEPLOYMENT_TARGET = 5.0;
				ONLY_ACTIVE_ARCH = YES;
				OTHER_CFLAGS = "-DNS_BLOCK_ASSERTIONS=1";
				PROVISIONING_PROFILE = "E8B37E5D-3D0F-42F6-BA4D-52FE9B56ABD4";
				"PROVISIONING_PROFILE[sdk=iphoneos*]" = "E8B37E5D-3D0F-42F6-BA4D-52FE9B56ABD4";
				SDKROOT = iphoneos;
				TARGETED_DEVICE_FAMILY = "1,2";
				VALIDATE_PRODUCT = YES;
			};
			name = Release;
		};
		F45CC1981776829F00F8892E /* Debug */ = {
			isa = XCBuildConfiguration;
			buildSettings = {
				CODE_SIGN_IDENTITY = "iPhone Distribution: Kazima Shamji (M9JVBFZEU9)";
				FRAMEWORK_SEARCH_PATHS = (
					"$(inherited)",
					"\"$(SRCROOT)\"",
				);
				GCC_PRECOMPILE_PREFIX_HEADER = YES;
				GCC_PREFIX_HEADER = "EmbraceTheChaos/EmbraceTheChaos-Prefix.pch";
				INFOPLIST_FILE = "EmbraceTheChaos/EmbraceTheChaos-Info.plist";
				ONLY_ACTIVE_ARCH = YES;
				OTHER_LDFLAGS = "-lsqlite3.0";
				PRODUCT_NAME = "$(TARGET_NAME)";
				PROVISIONING_PROFILE = "E8B37E5D-3D0F-42F6-BA4D-52FE9B56ABD4";
				TARGETED_DEVICE_FAMILY = "1,2";
				WRAPPER_EXTENSION = app;
			};
			name = Debug;
		};
		F45CC1991776829F00F8892E /* Release */ = {
			isa = XCBuildConfiguration;
			buildSettings = {
				CODE_SIGN_IDENTITY = "iPhone Distribution: Kazima Shamji (M9JVBFZEU9)";
				FRAMEWORK_SEARCH_PATHS = (
					"$(inherited)",
					"\"$(SRCROOT)\"",
				);
				GCC_PRECOMPILE_PREFIX_HEADER = YES;
				GCC_PREFIX_HEADER = "EmbraceTheChaos/EmbraceTheChaos-Prefix.pch";
				INFOPLIST_FILE = "EmbraceTheChaos/EmbraceTheChaos-Info.plist";
				ONLY_ACTIVE_ARCH = YES;
				OTHER_LDFLAGS = "-lsqlite3.0";
				PRODUCT_NAME = "$(TARGET_NAME)";
				PROVISIONING_PROFILE = "E8B37E5D-3D0F-42F6-BA4D-52FE9B56ABD4";
				TARGETED_DEVICE_FAMILY = "1,2";
				WRAPPER_EXTENSION = app;
			};
			name = Release;
		};
		F45CC19B1776829F00F8892E /* Debug */ = {
			isa = XCBuildConfiguration;
			buildSettings = {
				BUNDLE_LOADER = "$(BUILT_PRODUCTS_DIR)/EmbraceTheChaos.app/EmbraceTheChaos";
				FRAMEWORK_SEARCH_PATHS = (
					"$(SDKROOT)/Developer/Library/Frameworks",
					"$(DEVELOPER_LIBRARY_DIR)/Frameworks",
				);
				GCC_PRECOMPILE_PREFIX_HEADER = YES;
				GCC_PREFIX_HEADER = "EmbraceTheChaos/EmbraceTheChaos-Prefix.pch";
				INFOPLIST_FILE = "EmbraceTheChaosTests/EmbraceTheChaosTests-Info.plist";
				PRODUCT_NAME = "$(TARGET_NAME)";
				TEST_HOST = "$(BUNDLE_LOADER)";
				WRAPPER_EXTENSION = octest;
			};
			name = Debug;
		};
		F45CC19C1776829F00F8892E /* Release */ = {
			isa = XCBuildConfiguration;
			buildSettings = {
				BUNDLE_LOADER = "$(BUILT_PRODUCTS_DIR)/EmbraceTheChaos.app/EmbraceTheChaos";
				FRAMEWORK_SEARCH_PATHS = (
					"$(SDKROOT)/Developer/Library/Frameworks",
					"$(DEVELOPER_LIBRARY_DIR)/Frameworks",
				);
				GCC_PRECOMPILE_PREFIX_HEADER = YES;
				GCC_PREFIX_HEADER = "EmbraceTheChaos/EmbraceTheChaos-Prefix.pch";
				INFOPLIST_FILE = "EmbraceTheChaosTests/EmbraceTheChaosTests-Info.plist";
				PRODUCT_NAME = "$(TARGET_NAME)";
				TEST_HOST = "$(BUNDLE_LOADER)";
				WRAPPER_EXTENSION = octest;
			};
			name = Release;
		};
/* End XCBuildConfiguration section */

/* Begin XCConfigurationList section */
		F45CC1501776829D00F8892E /* Build configuration list for PBXProject "EmbraceTheChaos" */ = {
			isa = XCConfigurationList;
			buildConfigurations = (
				F45CC1951776829F00F8892E /* Debug */,
				F45CC1961776829F00F8892E /* Release */,
				DE9C6C3617A9672100A3A854 /* Ad Hoc Distribution */,
			);
			defaultConfigurationIsVisible = 0;
			defaultConfigurationName = Release;
		};
		F45CC1971776829F00F8892E /* Build configuration list for PBXNativeTarget "EmbraceTheChaos" */ = {
			isa = XCConfigurationList;
			buildConfigurations = (
				F45CC1981776829F00F8892E /* Debug */,
				F45CC1991776829F00F8892E /* Release */,
				DE9C6C3717A9672100A3A854 /* Ad Hoc Distribution */,
			);
			defaultConfigurationIsVisible = 0;
			defaultConfigurationName = Release;
		};
		F45CC19A1776829F00F8892E /* Build configuration list for PBXNativeTarget "EmbraceTheChaosTests" */ = {
			isa = XCConfigurationList;
			buildConfigurations = (
				F45CC19B1776829F00F8892E /* Debug */,
				F45CC19C1776829F00F8892E /* Release */,
				DE9C6C3817A9672100A3A854 /* Ad Hoc Distribution */,
			);
			defaultConfigurationIsVisible = 0;
			defaultConfigurationName = Release;
		};
/* End XCConfigurationList section */
	};
	rootObject = F45CC14D1776829D00F8892E /* Project object */;
}
